// !$*UTF8*$!
{
	archiveVersion = 1;
	classes = {
	};
	objectVersion = 46;
	objects = {

/* Begin PBXBuildFile section */
		232755BC1DFFF2B100E20876 /* AppDelegate.swift in Sources */ = {isa = PBXBuildFile; fileRef = 232755BB1DFFF2B100E20876 /* AppDelegate.swift */; };
		232755BE1DFFF2B100E20876 /* ViewController.swift in Sources */ = {isa = PBXBuildFile; fileRef = 232755BD1DFFF2B100E20876 /* ViewController.swift */; };
		232755C11DFFF2B100E20876 /* Main.storyboard in Resources */ = {isa = PBXBuildFile; fileRef = 232755BF1DFFF2B100E20876 /* Main.storyboard */; };
		232755C31DFFF2B100E20876 /* Assets.xcassets in Resources */ = {isa = PBXBuildFile; fileRef = 232755C21DFFF2B100E20876 /* Assets.xcassets */; };
		232755C61DFFF2B100E20876 /* LaunchScreen.storyboard in Resources */ = {isa = PBXBuildFile; fileRef = 232755C41DFFF2B100E20876 /* LaunchScreen.storyboard */; };
		232755D11DFFF2B100E20876 /* TCZKitDemoTests.swift in Sources */ = {isa = PBXBuildFile; fileRef = 232755D01DFFF2B100E20876 /* TCZKitDemoTests.swift */; };
		232755DC1DFFF2B100E20876 /* TCZKitDemoUITests.swift in Sources */ = {isa = PBXBuildFile; fileRef = 232755DB1DFFF2B100E20876 /* TCZKitDemoUITests.swift */; };
/* End PBXBuildFile section */

/* Begin PBXContainerItemProxy section */
		232755CD1DFFF2B100E20876 /* PBXContainerItemProxy */ = {
			isa = PBXContainerItemProxy;
			containerPortal = 232755B01DFFF2B100E20876 /* Project object */;
			proxyType = 1;
			remoteGlobalIDString = 232755B71DFFF2B100E20876;
			remoteInfo = TCZKitDemo;
		};
		232755D81DFFF2B100E20876 /* PBXContainerItemProxy */ = {
			isa = PBXContainerItemProxy;
			containerPortal = 232755B01DFFF2B100E20876 /* Project object */;
			proxyType = 1;
			remoteGlobalIDString = 232755B71DFFF2B100E20876;
			remoteInfo = TCZKitDemo;
		};
/* End PBXContainerItemProxy section */

/* Begin PBXFileReference section */
		232755B81DFFF2B100E20876 /* TCZKitDemo.app */ = {isa = PBXFileReference; explicitFileType = wrapper.application; includeInIndex = 0; path = TCZKitDemo.app; sourceTree = BUILT_PRODUCTS_DIR; };
		232755BB1DFFF2B100E20876 /* AppDelegate.swift */ = {isa = PBXFileReference; lastKnownFileType = sourcecode.swift; path = AppDelegate.swift; sourceTree = "<group>"; };
		232755BD1DFFF2B100E20876 /* ViewController.swift */ = {isa = PBXFileReference; lastKnownFileType = sourcecode.swift; path = ViewController.swift; sourceTree = "<group>"; };
		232755C01DFFF2B100E20876 /* Base */ = {isa = PBXFileReference; lastKnownFileType = file.storyboard; name = Base; path = Base.lproj/Main.storyboard; sourceTree = "<group>"; };
		232755C21DFFF2B100E20876 /* Assets.xcassets */ = {isa = PBXFileReference; lastKnownFileType = folder.assetcatalog; path = Assets.xcassets; sourceTree = "<group>"; };
		232755C51DFFF2B100E20876 /* Base */ = {isa = PBXFileReference; lastKnownFileType = file.storyboard; name = Base; path = Base.lproj/LaunchScreen.storyboard; sourceTree = "<group>"; };
		232755C71DFFF2B100E20876 /* Info.plist */ = {isa = PBXFileReference; lastKnownFileType = text.plist.xml; path = Info.plist; sourceTree = "<group>"; };
		232755CC1DFFF2B100E20876 /* TCZKitDemoTests.xctest */ = {isa = PBXFileReference; explicitFileType = wrapper.cfbundle; includeInIndex = 0; path = TCZKitDemoTests.xctest; sourceTree = BUILT_PRODUCTS_DIR; };
		232755D01DFFF2B100E20876 /* TCZKitDemoTests.swift */ = {isa = PBXFileReference; lastKnownFileType = sourcecode.swift; path = TCZKitDemoTests.swift; sourceTree = "<group>"; };
		232755D21DFFF2B100E20876 /* Info.plist */ = {isa = PBXFileReference; lastKnownFileType = text.plist.xml; path = Info.plist; sourceTree = "<group>"; };
		232755D71DFFF2B100E20876 /* TCZKitDemoUITests.xctest */ = {isa = PBXFileReference; explicitFileType = wrapper.cfbundle; includeInIndex = 0; path = TCZKitDemoUITests.xctest; sourceTree = BUILT_PRODUCTS_DIR; };
		232755DB1DFFF2B100E20876 /* TCZKitDemoUITests.swift */ = {isa = PBXFileReference; lastKnownFileType = sourcecode.swift; path = TCZKitDemoUITests.swift; sourceTree = "<group>"; };
		232755DD1DFFF2B100E20876 /* Info.plist */ = {isa = PBXFileReference; lastKnownFileType = text.plist.xml; path = Info.plist; sourceTree = "<group>"; };
/* End PBXFileReference section */

/* Begin PBXFrameworksBuildPhase section */
		232755B51DFFF2B100E20876 /* Frameworks */ = {
			isa = PBXFrameworksBuildPhase;
			buildActionMask = 2147483647;
			files = (
			);
			runOnlyForDeploymentPostprocessing = 0;
		};
		232755C91DFFF2B100E20876 /* Frameworks */ = {
			isa = PBXFrameworksBuildPhase;
			buildActionMask = 2147483647;
			files = (
			);
			runOnlyForDeploymentPostprocessing = 0;
		};
		232755D41DFFF2B100E20876 /* Frameworks */ = {
			isa = PBXFrameworksBuildPhase;
			buildActionMask = 2147483647;
			files = (
			);
			runOnlyForDeploymentPostprocessing = 0;
		};
/* End PBXFrameworksBuildPhase section */

/* Begin PBXGroup section */
		232755AF1DFFF2B100E20876 = {
			isa = PBXGroup;
			children = (
				232755BA1DFFF2B100E20876 /* TCZKitDemo */,
				232755CF1DFFF2B100E20876 /* TCZKitDemoTests */,
				232755DA1DFFF2B100E20876 /* TCZKitDemoUITests */,
				232755B91DFFF2B100E20876 /* Products */,
			);
			sourceTree = "<group>";
		};
		232755B91DFFF2B100E20876 /* Products */ = {
			isa = PBXGroup;
			children = (
				232755B81DFFF2B100E20876 /* TCZKitDemo.app */,
				232755CC1DFFF2B100E20876 /* TCZKitDemoTests.xctest */,
				232755D71DFFF2B100E20876 /* TCZKitDemoUITests.xctest */,
			);
			name = Products;
			sourceTree = "<group>";
		};
		232755BA1DFFF2B100E20876 /* TCZKitDemo */ = {
			isa = PBXGroup;
			children = (
				232755BB1DFFF2B100E20876 /* AppDelegate.swift */,
				232755BD1DFFF2B100E20876 /* ViewController.swift */,
				232755BF1DFFF2B100E20876 /* Main.storyboard */,
				232755C21DFFF2B100E20876 /* Assets.xcassets */,
				232755C41DFFF2B100E20876 /* LaunchScreen.storyboard */,
				232755C71DFFF2B100E20876 /* Info.plist */,
			);
			path = TCZKitDemo;
			sourceTree = "<group>";
		};
		232755CF1DFFF2B100E20876 /* TCZKitDemoTests */ = {
			isa = PBXGroup;
			children = (
				232755D01DFFF2B100E20876 /* TCZKitDemoTests.swift */,
				232755D21DFFF2B100E20876 /* Info.plist */,
			);
			path = TCZKitDemoTests;
			sourceTree = "<group>";
		};
		232755DA1DFFF2B100E20876 /* TCZKitDemoUITests */ = {
			isa = PBXGroup;
			children = (
				232755DB1DFFF2B100E20876 /* TCZKitDemoUITests.swift */,
				232755DD1DFFF2B100E20876 /* Info.plist */,
			);
			path = TCZKitDemoUITests;
			sourceTree = "<group>";
		};
/* End PBXGroup section */

/* Begin PBXNativeTarget section */
		232755B71DFFF2B100E20876 /* TCZKitDemo */ = {
			isa = PBXNativeTarget;
			buildConfigurationList = 232755E01DFFF2B100E20876 /* Build configuration list for PBXNativeTarget "TCZKitDemo" */;
			buildPhases = (
				232755B41DFFF2B100E20876 /* Sources */,
				232755B51DFFF2B100E20876 /* Frameworks */,
				232755B61DFFF2B100E20876 /* Resources */,
			);
			buildRules = (
			);
			dependencies = (
			);
			name = TCZKitDemo;
			productName = TCZKitDemo;
			productReference = 232755B81DFFF2B100E20876 /* TCZKitDemo.app */;
			productType = "com.apple.product-type.application";
		};
		232755CB1DFFF2B100E20876 /* TCZKitDemoTests */ = {
			isa = PBXNativeTarget;
			buildConfigurationList = 232755E31DFFF2B100E20876 /* Build configuration list for PBXNativeTarget "TCZKitDemoTests" */;
			buildPhases = (
				232755C81DFFF2B100E20876 /* Sources */,
				232755C91DFFF2B100E20876 /* Frameworks */,
				232755CA1DFFF2B100E20876 /* Resources */,
			);
			buildRules = (
			);
			dependencies = (
				232755CE1DFFF2B100E20876 /* PBXTargetDependency */,
			);
			name = TCZKitDemoTests;
			productName = TCZKitDemoTests;
			productReference = 232755CC1DFFF2B100E20876 /* TCZKitDemoTests.xctest */;
			productType = "com.apple.product-type.bundle.unit-test";
		};
		232755D61DFFF2B100E20876 /* TCZKitDemoUITests */ = {
			isa = PBXNativeTarget;
			buildConfigurationList = 232755E61DFFF2B100E20876 /* Build configuration list for PBXNativeTarget "TCZKitDemoUITests" */;
			buildPhases = (
				232755D31DFFF2B100E20876 /* Sources */,
				232755D41DFFF2B100E20876 /* Frameworks */,
				232755D51DFFF2B100E20876 /* Resources */,
			);
			buildRules = (
			);
			dependencies = (
				232755D91DFFF2B100E20876 /* PBXTargetDependency */,
			);
			name = TCZKitDemoUITests;
			productName = TCZKitDemoUITests;
			productReference = 232755D71DFFF2B100E20876 /* TCZKitDemoUITests.xctest */;
			productType = "com.apple.product-type.bundle.ui-testing";
		};
/* End PBXNativeTarget section */

/* Begin PBXProject section */
		232755B01DFFF2B100E20876 /* Project object */ = {
			isa = PBXProject;
			attributes = {
				LastSwiftUpdateCheck = 0810;
				LastUpgradeCheck = 0810;
				ORGANIZATIONNAME = WangSuyan;
				TargetAttributes = {
					232755B71DFFF2B100E20876 = {
						CreatedOnToolsVersion = 8.1;
						DevelopmentTeam = D47CZT3KBD;
						ProvisioningStyle = Automatic;
					};
					232755CB1DFFF2B100E20876 = {
						CreatedOnToolsVersion = 8.1;
						DevelopmentTeam = D47CZT3KBD;
						ProvisioningStyle = Automatic;
						TestTargetID = 232755B71DFFF2B100E20876;
					};
					232755D61DFFF2B100E20876 = {
						CreatedOnToolsVersion = 8.1;
						DevelopmentTeam = D47CZT3KBD;
						ProvisioningStyle = Automatic;
						TestTargetID = 232755B71DFFF2B100E20876;
					};
				};
			};
			buildConfigurationList = 232755B31DFFF2B100E20876 /* Build configuration list for PBXProject "TCZKitDemo" */;
			compatibilityVersion = "Xcode 3.2";
			developmentRegion = English;
			hasScannedForEncodings = 0;
			knownRegions = (
				en,
				Base,
			);
			mainGroup = 232755AF1DFFF2B100E20876;
			productRefGroup = 232755B91DFFF2B100E20876 /* Products */;
			projectDirPath = "";
			projectRoot = "";
			targets = (
				232755B71DFFF2B100E20876 /* TCZKitDemo */,
				232755CB1DFFF2B100E20876 /* TCZKitDemoTests */,
				232755D61DFFF2B100E20876 /* TCZKitDemoUITests */,
			);
		};
/* End PBXProject section */

/* Begin PBXResourcesBuildPhase section */
		232755B61DFFF2B100E20876 /* Resources */ = {
			isa = PBXResourcesBuildPhase;
			buildActionMask = 2147483647;
			files = (
				232755C61DFFF2B100E20876 /* LaunchScreen.storyboard in Resources */,
				232755C31DFFF2B100E20876 /* Assets.xcassets in Resources */,
				232755C11DFFF2B100E20876 /* Main.storyboard in Resources */,
			);
			runOnlyForDeploymentPostprocessing = 0;
		};
		232755CA1DFFF2B100E20876 /* Resources */ = {
			isa = PBXResourcesBuildPhase;
			buildActionMask = 2147483647;
			files = (
			);
			runOnlyForDeploymentPostprocessing = 0;
		};
		232755D51DFFF2B100E20876 /* Resources */ = {
			isa = PBXResourcesBuildPhase;
			buildActionMask = 2147483647;
			files = (
			);
			runOnlyForDeploymentPostprocessing = 0;
		};
/* End PBXResourcesBuildPhase section */

/* Begin PBXSourcesBuildPhase section */
		232755B41DFFF2B100E20876 /* Sources */ = {
			isa = PBXSourcesBuildPhase;
			buildActionMask = 2147483647;
			files = (
				232755BE1DFFF2B100E20876 /* ViewController.swift in Sources */,
				232755BC1DFFF2B100E20876 /* AppDelegate.swift in Sources */,
			);
			runOnlyForDeploymentPostprocessing = 0;
		};
		232755C81DFFF2B100E20876 /* Sources */ = {
			isa = PBXSourcesBuildPhase;
			buildActionMask = 2147483647;
			files = (
				232755D11DFFF2B100E20876 /* TCZKitDemoTests.swift in Sources */,
			);
			runOnlyForDeploymentPostprocessing = 0;
		};
		232755D31DFFF2B100E20876 /* Sources */ = {
			isa = PBXSourcesBuildPhase;
			buildActionMask = 2147483647;
			files = (
				232755DC1DFFF2B100E20876 /* TCZKitDemoUITests.swift in Sources */,
			);
			runOnlyForDeploymentPostprocessing = 0;
		};
/* End PBXSourcesBuildPhase section */

/* Begin PBXTargetDependency section */
		232755CE1DFFF2B100E20876 /* PBXTargetDependency */ = {
			isa = PBXTargetDependency;
			target = 232755B71DFFF2B100E20876 /* TCZKitDemo */;
			targetProxy = 232755CD1DFFF2B100E20876 /* PBXContainerItemProxy */;
		};
		232755D91DFFF2B100E20876 /* PBXTargetDependency */ = {
			isa = PBXTargetDependency;
			target = 232755B71DFFF2B100E20876 /* TCZKitDemo */;
			targetProxy = 232755D81DFFF2B100E20876 /* PBXContainerItemProxy */;
		};
/* End PBXTargetDependency section */

/* Begin PBXVariantGroup section */
		232755BF1DFFF2B100E20876 /* Main.storyboard */ = {
			isa = PBXVariantGroup;
			children = (
				232755C01DFFF2B100E20876 /* Base */,
			);
			name = Main.storyboard;
			sourceTree = "<group>";
		};
		232755C41DFFF2B100E20876 /* LaunchScreen.storyboard */ = {
			isa = PBXVariantGroup;
			children = (
				232755C51DFFF2B100E20876 /* Base */,
			);
			name = LaunchScreen.storyboard;
			sourceTree = "<group>";
		};
/* End PBXVariantGroup section */

/* Begin XCBuildConfiguration section */
		232755DE1DFFF2B100E20876 /* Debug */ = {
			isa = XCBuildConfiguration;
			buildSettings = {
				ALWAYS_SEARCH_USER_PATHS = NO;
				CLANG_ANALYZER_NONNULL = YES;
				CLANG_CXX_LANGUAGE_STANDARD = "gnu++0x";
				CLANG_CXX_LIBRARY = "libc++";
				CLANG_ENABLE_MODULES = YES;
				CLANG_ENABLE_OBJC_ARC = YES;
				CLANG_WARN_BOOL_CONVERSION = YES;
				CLANG_WARN_CONSTANT_CONVERSION = YES;
				CLANG_WARN_DIRECT_OBJC_ISA_USAGE = YES_ERROR;
				CLANG_WARN_DOCUMENTATION_COMMENTS = YES;
				CLANG_WARN_EMPTY_BODY = YES;
				CLANG_WARN_ENUM_CONVERSION = YES;
				CLANG_WARN_INFINITE_RECURSION = YES;
				CLANG_WARN_INT_CONVERSION = YES;
				CLANG_WARN_OBJC_ROOT_CLASS = YES_ERROR;
				CLANG_WARN_SUSPICIOUS_MOVES = YES;
				CLANG_WARN_UNREACHABLE_CODE = YES;
				CLANG_WARN__DUPLICATE_METHOD_MATCH = YES;
				"CODE_SIGN_IDENTITY[sdk=iphoneos*]" = "iPhone Developer";
				COPY_PHASE_STRIP = NO;
				DEBUG_INFORMATION_FORMAT = dwarf;
				ENABLE_STRICT_OBJC_MSGSEND = YES;
				ENABLE_TESTABILITY = YES;
				GCC_C_LANGUAGE_STANDARD = gnu99;
				GCC_DYNAMIC_NO_PIC = NO;
				GCC_NO_COMMON_BLOCKS = YES;
				GCC_OPTIMIZATION_LEVEL = 0;
				GCC_PREPROCESSOR_DEFINITIONS = (
					"DEBUG=1",
					"$(inherited)",
				);
				GCC_WARN_64_TO_32_BIT_CONVERSION = YES;
				GCC_WARN_ABOUT_RETURN_TYPE = YES_ERROR;
				GCC_WARN_UNDECLARED_SELECTOR = YES;
				GCC_WARN_UNINITIALIZED_AUTOS = YES_AGGRESSIVE;
				GCC_WARN_UNUSED_FUNCTION = YES;
				GCC_WARN_UNUSED_VARIABLE = YES;
				IPHONEOS_DEPLOYMENT_TARGET = 10.1;
				MTL_ENABLE_DEBUG_INFO = YES;
				ONLY_ACTIVE_ARCH = YES;
				SDKROOT = iphoneos;
				SWIFT_ACTIVE_COMPILATION_CONDITIONS = DEBUG;
				SWIFT_OPTIMIZATION_LEVEL = "-Onone";
			};
			name = Debug;
		};
		232755DF1DFFF2B100E20876 /* Release */ = {
			isa = XCBuildConfiguration;
			buildSettings = {
				ALWAYS_SEARCH_USER_PATHS = NO;
				CLANG_ANALYZER_NONNULL = YES;
				CLANG_CXX_LANGUAGE_STANDARD = "gnu++0x";
				CLANG_CXX_LIBRARY = "libc++";
				CLANG_ENABLE_MODULES = YES;
				CLANG_ENABLE_OBJC_ARC = YES;
				CLANG_WARN_BOOL_CONVERSION = YES;
				CLANG_WARN_CONSTANT_CONVERSION = YES;
				CLANG_WARN_DIRECT_OBJC_ISA_USAGE = YES_ERROR;
				CLANG_WARN_DOCUMENTATION_COMMENTS = YES;
				CLANG_WARN_EMPTY_BODY = YES;
				CLANG_WARN_ENUM_CONVERSION = YES;
				CLANG_WARN_INFINITE_RECURSION = YES;
				CLANG_WARN_INT_CONVERSION = YES;
				CLANG_WARN_OBJC_ROOT_CLASS = YES_ERROR;
				CLANG_WARN_SUSPICIOUS_MOVES = YES;
				CLANG_WARN_UNREACHABLE_CODE = YES;
				CLANG_WARN__DUPLICATE_METHOD_MATCH = YES;
				"CODE_SIGN_IDENTITY[sdk=iphoneos*]" = "iPhone Developer";
				COPY_PHASE_STRIP = NO;
				DEBUG_INFORMATION_FORMAT = "dwarf-with-dsym";
				ENABLE_NS_ASSERTIONS = NO;
				ENABLE_STRICT_OBJC_MSGSEND = YES;
				GCC_C_LANGUAGE_STANDARD = gnu99;
				GCC_NO_COMMON_BLOCKS = YES;
				GCC_WARN_64_TO_32_BIT_CONVERSION = YES;
				GCC_WARN_ABOUT_RETURN_TYPE = YES_ERROR;
				GCC_WARN_UNDECLARED_SELECTOR = YES;
				GCC_WARN_UNINITIALIZED_AUTOS = YES_AGGRESSIVE;
				GCC_WARN_UNUSED_FUNCTION = YES;
				GCC_WARN_UNUSED_VARIABLE = YES;
				IPHONEOS_DEPLOYMENT_TARGET = 10.1;
				MTL_ENABLE_DEBUG_INFO = NO;
				SDKROOT = iphoneos;
				SWIFT_OPTIMIZATION_LEVEL = "-Owholemodule";
				VALIDATE_PRODUCT = YES;
			};
			name = Release;
		};
		232755E11DFFF2B100E20876 /* Debug */ = {
			isa = XCBuildConfiguration;
			buildSettings = {
				ASSETCATALOG_COMPILER_APPICON_NAME = AppIcon;
				DEVELOPMENT_TEAM = D47CZT3KBD;
				INFOPLIST_FILE = TCZKitDemo/Info.plist;
				IPHONEOS_DEPLOYMENT_TARGET = 8.0;
				LD_RUNPATH_SEARCH_PATHS = "$(inherited) @executable_path/Frameworks";
				PRODUCT_BUNDLE_IDENTIFIER = wsy.TCZKitDemo;
				PRODUCT_NAME = "$(TARGET_NAME)";
				SWIFT_VERSION = 3.0;
			};
			name = Debug;
		};
		232755E21DFFF2B100E20876 /* Release */ = {
			isa = XCBuildConfiguration;
			buildSettings = {
				ASSETCATALOG_COMPILER_APPICON_NAME = AppIcon;
				DEVELOPMENT_TEAM = D47CZT3KBD;
				INFOPLIST_FILE = TCZKitDemo/Info.plist;
				IPHONEOS_DEPLOYMENT_TARGET = 8.0;
				LD_RUNPATH_SEARCH_PATHS = "$(inherited) @executable_path/Frameworks";
				PRODUCT_BUNDLE_IDENTIFIER = wsy.TCZKitDemo;
				PRODUCT_NAME = "$(TARGET_NAME)";
				SWIFT_VERSION = 3.0;
			};
			name = Release;
		};
		232755E41DFFF2B100E20876 /* Debug */ = {
			isa = XCBuildConfiguration;
			buildSettings = {
				ALWAYS_EMBED_SWIFT_STANDARD_LIBRARIES = YES;
				BUNDLE_LOADER = "$(TEST_HOST)";
				DEVELOPMENT_TEAM = D47CZT3KBD;
				INFOPLIST_FILE = TCZKitDemoTests/Info.plist;
				LD_RUNPATH_SEARCH_PATHS = "$(inherited) @executable_path/Frameworks @loader_path/Frameworks";
				PRODUCT_BUNDLE_IDENTIFIER = wsy.TCZKitDemoTests;
				PRODUCT_NAME = "$(TARGET_NAME)";
				SWIFT_VERSION = 3.0;
				TEST_HOST = "$(BUILT_PRODUCTS_DIR)/TCZKitDemo.app/TCZKitDemo";
			};
			name = Debug;
		};
		232755E51DFFF2B100E20876 /* Release */ = {
			isa = XCBuildConfiguration;
			buildSettings = {
				ALWAYS_EMBED_SWIFT_STANDARD_LIBRARIES = YES;
				BUNDLE_LOADER = "$(TEST_HOST)";
				DEVELOPMENT_TEAM = D47CZT3KBD;
				INFOPLIST_FILE = TCZKitDemoTests/Info.plist;
				LD_RUNPATH_SEARCH_PATHS = "$(inherited) @executable_path/Frameworks @loader_path/Frameworks";
				PRODUCT_BUNDLE_IDENTIFIER = wsy.TCZKitDemoTests;
				PRODUCT_NAME = "$(TARGET_NAME)";
				SWIFT_VERSION = 3.0;
				TEST_HOST = "$(BUILT_PRODUCTS_DIR)/TCZKitDemo.app/TCZKitDemo";
			};
			name = Release;
		};
		232755E71DFFF2B100E20876 /* Debug */ = {
			isa = XCBuildConfiguration;
			buildSettings = {
				ALWAYS_EMBED_SWIFT_STANDARD_LIBRARIES = YES;
				DEVELOPMENT_TEAM = D47CZT3KBD;
				INFOPLIST_FILE = TCZKitDemoUITests/Info.plist;
				LD_RUNPATH_SEARCH_PATHS = "$(inherited) @executable_path/Frameworks @loader_path/Frameworks";
				PRODUCT_BUNDLE_IDENTIFIER = wsy.TCZKitDemoUITests;
				PRODUCT_NAME = "$(TARGET_NAME)";
				SWIFT_VERSION = 3.0;
				TEST_TARGET_NAME = TCZKitDemo;
			};
			name = Debug;
		};
		232755E81DFFF2B100E20876 /* Release */ = {
			isa = XCBuildConfiguration;
			buildSettings = {
				ALWAYS_EMBED_SWIFT_STANDARD_LIBRARIES = YES;
				DEVELOPMENT_TEAM = D47CZT3KBD;
				INFOPLIST_FILE = TCZKitDemoUITests/Info.plist;
				LD_RUNPATH_SEARCH_PATHS = "$(inherited) @executable_path/Frameworks @loader_path/Frameworks";
				PRODUCT_BUNDLE_IDENTIFIER = wsy.TCZKitDemoUITests;
				PRODUCT_NAME = "$(TARGET_NAME)";
				SWIFT_VERSION = 3.0;
				TEST_TARGET_NAME = TCZKitDemo;
			};
			name = Release;
		};
/* End XCBuildConfiguration section */

/* Begin XCConfigurationList section */
		232755B31DFFF2B100E20876 /* Build configuration list for PBXProject "TCZKitDemo" */ = {
			isa = XCConfigurationList;
			buildConfigurations = (
				232755DE1DFFF2B100E20876 /* Debug */,
				232755DF1DFFF2B100E20876 /* Release */,
			);
			defaultConfigurationIsVisible = 0;
			defaultConfigurationName = Release;
		};
		232755E01DFFF2B100E20876 /* Build configuration list for PBXNativeTarget "TCZKitDemo" */ = {
			isa = XCConfigurationList;
			buildConfigurations = (
				232755E11DFFF2B100E20876 /* Debug */,
				232755E21DFFF2B100E20876 /* Release */,
			);
			defaultConfigurationIsVisible = 0;
		};
		232755E31DFFF2B100E20876 /* Build configuration list for PBXNativeTarget "TCZKitDemoTests" */ = {
			isa = XCConfigurationList;
			buildConfigurations = (
				232755E41DFFF2B100E20876 /* Debug */,
				232755E51DFFF2B100E20876 /* Release */,
			);
			defaultConfigurationIsVisible = 0;
		};
		232755E61DFFF2B100E20876 /* Build configuration list for PBXNativeTarget "TCZKitDemoUITests" */ = {
			isa = XCConfigurationList;
			buildConfigurations = (
				232755E71DFFF2B100E20876 /* Debug */,
				232755E81DFFF2B100E20876 /* Release */,
			);
			defaultConfigurationIsVisible = 0;
		};
/* End XCConfigurationList section */
	};
	rootObject = 232755B01DFFF2B100E20876 /* Project object */;
}
