<?xml version="1.0" encoding="UTF-8"?>
<!DOCTYPE plist PUBLIC "-//Apple//DTD PLIST 1.0//EN" "http://www.apple.com/DTDs/PropertyList-1.0.dtd">
<plist version="1.0">
<dict>
	<key>archiveVersion</key>
	<string>1</string>
	<key>classes</key>
	<dict/>
	<key>objectVersion</key>
	<string>46</string>
	<key>objects</key>
	<dict>
		<key>0B0B7B1E2D0CB1CC1FCB47FA</key>
		<dict>
			<key>includeInIndex</key>
			<string>1</string>
			<key>isa</key>
			<string>PBXFileReference</string>
			<key>lastKnownFileType</key>
			<string>text.xcconfig</string>
			<key>name</key>
			<string>Pods-TCZKitDemo.debug.xcconfig</string>
			<key>path</key>
			<string>Pods/Target Support Files/Pods-TCZKitDemo/Pods-TCZKitDemo.debug.xcconfig</string>
			<key>sourceTree</key>
			<string>&lt;group&gt;</string>
		</dict>
		<key>0C53290616CB76605B762381</key>
		<dict>
			<key>explicitFileType</key>
			<string>wrapper.framework</string>
			<key>includeInIndex</key>
			<string>0</string>
			<key>isa</key>
			<string>PBXFileReference</string>
			<key>path</key>
			<string>Pods_TCZKitDemo.framework</string>
			<key>sourceTree</key>
			<string>BUILT_PRODUCTS_DIR</string>
		</dict>
		<key>2339B5401DED7E640008461E</key>
		<dict>
			<key>fileEncoding</key>
			<string>4</string>
			<key>isa</key>
			<string>PBXFileReference</string>
			<key>lastKnownFileType</key>
			<string>sourcecode.swift</string>
			<key>path</key>
			<string>TCZMainViewController.swift</string>
			<key>sourceTree</key>
			<string>&lt;group&gt;</string>
		</dict>
		<key>2339B5411DED7E640008461E</key>
		<dict>
			<key>fileRef</key>
			<string>2339B5401DED7E640008461E</string>
			<key>isa</key>
			<string>PBXBuildFile</string>
		</dict>
		<key>2339B5421DED7E730008461E</key>
		<dict>
			<key>fileEncoding</key>
			<string>4</string>
			<key>isa</key>
			<string>PBXFileReference</string>
			<key>lastKnownFileType</key>
			<string>sourcecode.swift</string>
			<key>path</key>
			<string>TCZPlainViewController.swift</string>
			<key>sourceTree</key>
			<string>&lt;group&gt;</string>
		</dict>
		<key>2339B5431DED7E730008461E</key>
		<dict>
			<key>fileRef</key>
			<string>2339B5421DED7E730008461E</string>
			<key>isa</key>
			<string>PBXBuildFile</string>
		</dict>
		<key>2339B5441DED7E7D0008461E</key>
		<dict>
			<key>fileEncoding</key>
			<string>4</string>
			<key>isa</key>
			<string>PBXFileReference</string>
			<key>lastKnownFileType</key>
			<string>sourcecode.swift</string>
			<key>path</key>
			<string>TCZGroupViewController.swift</string>
			<key>sourceTree</key>
			<string>&lt;group&gt;</string>
		</dict>
		<key>2339B5451DED7E7D0008461E</key>
		<dict>
			<key>fileRef</key>
			<string>2339B5441DED7E7D0008461E</string>
			<key>isa</key>
			<string>PBXBuildFile</string>
		</dict>
		<key>239162681DEA8440000A541C</key>
		<dict>
			<key>isa</key>
			<string>PBXFileReference</string>
			<key>lastKnownFileType</key>
			<string>image.png</string>
			<key>path</key>
			<string>logo.png</string>
			<key>sourceTree</key>
			<string>&lt;group&gt;</string>
		</dict>
		<key>239162691DEA8440000A541C</key>
		<dict>
			<key>fileRef</key>
			<string>239162681DEA8440000A541C</string>
			<key>isa</key>
			<string>PBXBuildFile</string>
		</dict>
		<key>2391626A1DEAF46D000A541C</key>
		<dict>
			<key>children</key>
			<array>
				<string>2391626B1DEAF49D000A541C</string>
			</array>
			<key>isa</key>
			<string>PBXGroup</string>
			<key>path</key>
			<string>HeaderFooterView</string>
			<key>sourceTree</key>
			<string>&lt;group&gt;</string>
		</dict>
		<key>2391626B1DEAF49D000A541C</key>
		<dict>
			<key>fileEncoding</key>
			<string>4</string>
			<key>isa</key>
			<string>PBXFileReference</string>
			<key>lastKnownFileType</key>
			<string>sourcecode.swift</string>
			<key>path</key>
			<string>TCZSectionTitleView.swift</string>
			<key>sourceTree</key>
			<string>&lt;group&gt;</string>
		</dict>
		<key>2391626C1DEAF49D000A541C</key>
		<dict>
			<key>fileRef</key>
			<string>2391626B1DEAF49D000A541C</string>
			<key>isa</key>
			<string>PBXBuildFile</string>
		</dict>
		<key>23996DE71DE6CA7E009A001F</key>
		<dict>
			<key>children</key>
			<array>
				<string>239162681DEA8440000A541C</string>
				<string>23996E491DE6CCF8009A001F</string>
				<string>23996DF21DE6CA7E009A001F</string>
				<string>23996E071DE6CA7E009A001F</string>
				<string>23996E121DE6CA7F009A001F</string>
				<string>23996DF11DE6CA7E009A001F</string>
				<string>DFEB3D85BEE36543A3EE4AE3</string>
				<string>4DBA1959D79EA681B3FF7747</string>
			</array>
			<key>isa</key>
			<string>PBXGroup</string>
			<key>sourceTree</key>
			<string>&lt;group&gt;</string>
		</dict>
		<key>23996DE81DE6CA7E009A001F</key>
		<dict>
			<key>attributes</key>
			<dict>
				<key>LastSwiftUpdateCheck</key>
				<string>0810</string>
				<key>LastUpgradeCheck</key>
				<string>0810</string>
				<key>ORGANIZATIONNAME</key>
				<string>WangSuyan</string>
				<key>TargetAttributes</key>
				<dict>
					<key>23996DEF1DE6CA7E009A001F</key>
					<dict>
						<key>CreatedOnToolsVersion</key>
						<string>8.1</string>
						<key>DevelopmentTeam</key>
						<string>D47CZT3KBD</string>
						<key>ProvisioningStyle</key>
						<string>Automatic</string>
					</dict>
					<key>23996E031DE6CA7E009A001F</key>
					<dict>
						<key>CreatedOnToolsVersion</key>
						<string>8.1</string>
						<key>DevelopmentTeam</key>
						<string>D47CZT3KBD</string>
						<key>ProvisioningStyle</key>
						<string>Automatic</string>
						<key>TestTargetID</key>
						<string>23996DEF1DE6CA7E009A001F</string>
					</dict>
					<key>23996E0E1DE6CA7F009A001F</key>
					<dict>
						<key>CreatedOnToolsVersion</key>
						<string>8.1</string>
						<key>DevelopmentTeam</key>
						<string>D47CZT3KBD</string>
						<key>ProvisioningStyle</key>
						<string>Automatic</string>
						<key>TestTargetID</key>
						<string>23996DEF1DE6CA7E009A001F</string>
					</dict>
				</dict>
			</dict>
			<key>buildConfigurationList</key>
			<string>23996DEB1DE6CA7E009A001F</string>
			<key>compatibilityVersion</key>
			<string>Xcode 3.2</string>
			<key>developmentRegion</key>
			<string>English</string>
			<key>hasScannedForEncodings</key>
			<string>0</string>
			<key>isa</key>
			<string>PBXProject</string>
			<key>knownRegions</key>
			<array>
				<string>en</string>
				<string>Base</string>
			</array>
			<key>mainGroup</key>
			<string>23996DE71DE6CA7E009A001F</string>
			<key>productRefGroup</key>
			<string>23996DF11DE6CA7E009A001F</string>
			<key>projectDirPath</key>
			<string></string>
			<key>projectReferences</key>
			<array/>
			<key>projectRoot</key>
			<string></string>
			<key>targets</key>
			<array>
				<string>23996DEF1DE6CA7E009A001F</string>
				<string>23996E031DE6CA7E009A001F</string>
				<string>23996E0E1DE6CA7F009A001F</string>
			</array>
		</dict>
		<key>23996DEB1DE6CA7E009A001F</key>
		<dict>
			<key>buildConfigurations</key>
			<array>
				<string>23996E161DE6CA7F009A001F</string>
				<string>23996E171DE6CA7F009A001F</string>
			</array>
			<key>defaultConfigurationIsVisible</key>
			<string>0</string>
			<key>defaultConfigurationName</key>
			<string>Release</string>
			<key>isa</key>
			<string>XCConfigurationList</string>
		</dict>
		<key>23996DEC1DE6CA7E009A001F</key>
		<dict>
			<key>buildActionMask</key>
			<string>2147483647</string>
			<key>files</key>
			<array>
				<string>2339B5451DED7E7D0008461E</string>
				<string>23996E3F1DE6CCCB009A001F</string>
				<string>23996E441DE6CCCB009A001F</string>
				<string>23996E3E1DE6CCCB009A001F</string>
				<string>2339B5411DED7E640008461E</string>
				<string>23996E471DE6CCCB009A001F</string>
				<string>23996DF61DE6CA7E009A001F</string>
				<string>23D70EDF1DE81E5100A7E147</string>
				<string>23996E481DE6CCCB009A001F</string>
				<string>23D70EDD1DE81C0E00A7E147</string>
				<string>23996E461DE6CCCB009A001F</string>
				<string>23996E3D1DE6CCCB009A001F</string>
				<string>23996E401DE6CCCB009A001F</string>
				<string>23996E411DE6CCCB009A001F</string>
				<string>23996DF41DE6CA7E009A001F</string>
				<string>23996E421DE6CCCB009A001F</string>
				<string>2339B5431DED7E730008461E</string>
				<string>23996E4A1DE6CCF8009A001F</string>
				<string>23996E431DE6CCCB009A001F</string>
				<string>2391626C1DEAF49D000A541C</string>
				<string>23996E451DE6CCCB009A001F</string>
				<string>23996E4C1DE6CD5A009A001F</string>
			</array>
			<key>isa</key>
			<string>PBXSourcesBuildPhase</string>
			<key>runOnlyForDeploymentPostprocessing</key>
			<string>0</string>
		</dict>
		<key>23996DED1DE6CA7E009A001F</key>
		<dict>
			<key>buildActionMask</key>
			<string>2147483647</string>
			<key>files</key>
			<array>
				<string>7094B403A65093572C567DFE</string>
			</array>
			<key>isa</key>
			<string>PBXFrameworksBuildPhase</string>
			<key>runOnlyForDeploymentPostprocessing</key>
			<string>0</string>
		</dict>
		<key>23996DEE1DE6CA7E009A001F</key>
		<dict>
			<key>buildActionMask</key>
			<string>2147483647</string>
			<key>files</key>
			<array>
				<string>239162691DEA8440000A541C</string>
				<string>23996DFE1DE6CA7E009A001F</string>
				<string>23996DFB1DE6CA7E009A001F</string>
				<string>23996DF91DE6CA7E009A001F</string>
			</array>
			<key>isa</key>
			<string>PBXResourcesBuildPhase</string>
			<key>runOnlyForDeploymentPostprocessing</key>
			<string>0</string>
		</dict>
		<key>23996DEF1DE6CA7E009A001F</key>
		<dict>
			<key>buildConfigurationList</key>
			<string>23996E181DE6CA7F009A001F</string>
			<key>buildPhases</key>
			<array>
				<string>4EE8A539F76BA26D7A5B29B7</string>
				<string>3485A2652C6A9113871A3F9F</string>
				<string>23996DEC1DE6CA7E009A001F</string>
				<string>23996DED1DE6CA7E009A001F</string>
				<string>23996DEE1DE6CA7E009A001F</string>
				<string>4B6337793DF78FA44BC73FF4</string>
				<string>5B318E38418F30CCFD77EE2D</string>
				<string>A980163175DCE831EBD88C8F</string>
				<string>572A05EF706D4F5F4543811A</string>
			</array>
			<key>buildRules</key>
			<array/>
			<key>dependencies</key>
			<array/>
			<key>isa</key>
			<string>PBXNativeTarget</string>
			<key>name</key>
			<string>TCZKitDemo</string>
			<key>productName</key>
			<string>TCZKitDemo</string>
			<key>productReference</key>
			<string>23996DF01DE6CA7E009A001F</string>
			<key>productType</key>
			<string>com.apple.product-type.application</string>
		</dict>
		<key>23996DF01DE6CA7E009A001F</key>
		<dict>
			<key>explicitFileType</key>
			<string>wrapper.application</string>
			<key>includeInIndex</key>
			<string>0</string>
			<key>isa</key>
			<string>PBXFileReference</string>
			<key>path</key>
			<string>TCZKitDemo.app</string>
			<key>sourceTree</key>
			<string>BUILT_PRODUCTS_DIR</string>
		</dict>
		<key>23996DF11DE6CA7E009A001F</key>
		<dict>
			<key>children</key>
			<array>
				<string>23996DF01DE6CA7E009A001F</string>
				<string>23996E041DE6CA7E009A001F</string>
				<string>23996E0F1DE6CA7F009A001F</string>
			</array>
			<key>isa</key>
			<string>PBXGroup</string>
			<key>name</key>
			<string>Products</string>
			<key>sourceTree</key>
			<string>&lt;group&gt;</string>
		</dict>
		<key>23996DF21DE6CA7E009A001F</key>
		<dict>
			<key>children</key>
			<array>
				<string>23996E211DE6CCCB009A001F</string>
				<string>23996DF31DE6CA7E009A001F</string>
				<string>23996DF51DE6CA7E009A001F</string>
				<string>23996DF71DE6CA7E009A001F</string>
				<string>23996DFA1DE6CA7E009A001F</string>
				<string>23996DFC1DE6CA7E009A001F</string>
				<string>23996DFF1DE6CA7E009A001F</string>
				<string>23996E4B1DE6CD5A009A001F</string>
				<string>2339B5401DED7E640008461E</string>
				<string>2339B5421DED7E730008461E</string>
				<string>2339B5441DED7E7D0008461E</string>
			</array>
			<key>isa</key>
			<string>PBXGroup</string>
			<key>path</key>
			<string>TCZKitDemo</string>
			<key>sourceTree</key>
			<string>&lt;group&gt;</string>
		</dict>
		<key>23996DF31DE6CA7E009A001F</key>
		<dict>
			<key>isa</key>
			<string>PBXFileReference</string>
			<key>lastKnownFileType</key>
			<string>sourcecode.swift</string>
			<key>path</key>
			<string>AppDelegate.swift</string>
			<key>sourceTree</key>
			<string>&lt;group&gt;</string>
		</dict>
		<key>23996DF41DE6CA7E009A001F</key>
		<dict>
			<key>fileRef</key>
			<string>23996DF31DE6CA7E009A001F</string>
			<key>isa</key>
			<string>PBXBuildFile</string>
		</dict>
		<key>23996DF51DE6CA7E009A001F</key>
		<dict>
			<key>isa</key>
			<string>PBXFileReference</string>
			<key>lastKnownFileType</key>
			<string>sourcecode.swift</string>
			<key>path</key>
			<string>ViewController.swift</string>
			<key>sourceTree</key>
			<string>&lt;group&gt;</string>
		</dict>
		<key>23996DF61DE6CA7E009A001F</key>
		<dict>
			<key>fileRef</key>
			<string>23996DF51DE6CA7E009A001F</string>
			<key>isa</key>
			<string>PBXBuildFile</string>
		</dict>
		<key>23996DF71DE6CA7E009A001F</key>
		<dict>
			<key>children</key>
			<array>
				<string>23996DF81DE6CA7E009A001F</string>
			</array>
			<key>isa</key>
			<string>PBXVariantGroup</string>
			<key>name</key>
			<string>Main.storyboard</string>
			<key>sourceTree</key>
			<string>&lt;group&gt;</string>
		</dict>
		<key>23996DF81DE6CA7E009A001F</key>
		<dict>
			<key>isa</key>
			<string>PBXFileReference</string>
			<key>lastKnownFileType</key>
			<string>file.storyboard</string>
			<key>name</key>
			<string>Base</string>
			<key>path</key>
			<string>Base.lproj/Main.storyboard</string>
			<key>sourceTree</key>
			<string>&lt;group&gt;</string>
		</dict>
		<key>23996DF91DE6CA7E009A001F</key>
		<dict>
			<key>fileRef</key>
			<string>23996DF71DE6CA7E009A001F</string>
			<key>isa</key>
			<string>PBXBuildFile</string>
		</dict>
		<key>23996DFA1DE6CA7E009A001F</key>
		<dict>
			<key>isa</key>
			<string>PBXFileReference</string>
			<key>lastKnownFileType</key>
			<string>folder.assetcatalog</string>
			<key>path</key>
			<string>Assets.xcassets</string>
			<key>sourceTree</key>
			<string>&lt;group&gt;</string>
		</dict>
		<key>23996DFB1DE6CA7E009A001F</key>
		<dict>
			<key>fileRef</key>
			<string>23996DFA1DE6CA7E009A001F</string>
			<key>isa</key>
			<string>PBXBuildFile</string>
		</dict>
		<key>23996DFC1DE6CA7E009A001F</key>
		<dict>
			<key>children</key>
			<array>
				<string>23996DFD1DE6CA7E009A001F</string>
			</array>
			<key>isa</key>
			<string>PBXVariantGroup</string>
			<key>name</key>
			<string>LaunchScreen.storyboard</string>
			<key>sourceTree</key>
			<string>&lt;group&gt;</string>
		</dict>
		<key>23996DFD1DE6CA7E009A001F</key>
		<dict>
			<key>isa</key>
			<string>PBXFileReference</string>
			<key>lastKnownFileType</key>
			<string>file.storyboard</string>
			<key>name</key>
			<string>Base</string>
			<key>path</key>
			<string>Base.lproj/LaunchScreen.storyboard</string>
			<key>sourceTree</key>
			<string>&lt;group&gt;</string>
		</dict>
		<key>23996DFE1DE6CA7E009A001F</key>
		<dict>
			<key>fileRef</key>
			<string>23996DFC1DE6CA7E009A001F</string>
			<key>isa</key>
			<string>PBXBuildFile</string>
		</dict>
		<key>23996DFF1DE6CA7E009A001F</key>
		<dict>
			<key>isa</key>
			<string>PBXFileReference</string>
			<key>lastKnownFileType</key>
			<string>text.plist.xml</string>
			<key>path</key>
			<string>Info.plist</string>
			<key>sourceTree</key>
			<string>&lt;group&gt;</string>
		</dict>
		<key>23996E001DE6CA7E009A001F</key>
		<dict>
			<key>buildActionMask</key>
			<string>2147483647</string>
			<key>files</key>
			<array>
				<string>23996E091DE6CA7E009A001F</string>
			</array>
			<key>isa</key>
			<string>PBXSourcesBuildPhase</string>
			<key>runOnlyForDeploymentPostprocessing</key>
			<string>0</string>
		</dict>
		<key>23996E011DE6CA7E009A001F</key>
		<dict>
			<key>buildActionMask</key>
			<string>2147483647</string>
			<key>files</key>
			<array>
				<string>95E8FBA72A384FFB1ED2D690</string>
			</array>
			<key>isa</key>
			<string>PBXFrameworksBuildPhase</string>
			<key>runOnlyForDeploymentPostprocessing</key>
			<string>0</string>
		</dict>
		<key>23996E021DE6CA7E009A001F</key>
		<dict>
			<key>buildActionMask</key>
			<string>2147483647</string>
			<key>files</key>
			<array/>
			<key>isa</key>
			<string>PBXResourcesBuildPhase</string>
			<key>runOnlyForDeploymentPostprocessing</key>
			<string>0</string>
		</dict>
		<key>23996E031DE6CA7E009A001F</key>
		<dict>
			<key>buildConfigurationList</key>
			<string>23996E1B1DE6CA7F009A001F</string>
			<key>buildPhases</key>
			<array>
				<string>34947C8283226D705795AAE5</string>
				<string>C66C3356E7552CD64449B89E</string>
				<string>23996E001DE6CA7E009A001F</string>
				<string>23996E011DE6CA7E009A001F</string>
				<string>23996E021DE6CA7E009A001F</string>
				<string>28B8396C3412F2877F84DE1D</string>
				<string>D0D39DABA311022BD8C91EF9</string>
				<string>6C6CDE25BF45D88384D9A110</string>
				<string>6FC67A7D2B513D2D3A0C7EF4</string>
			</array>
			<key>buildRules</key>
			<array/>
			<key>dependencies</key>
			<array>
				<string>23996E061DE6CA7E009A001F</string>
			</array>
			<key>isa</key>
			<string>PBXNativeTarget</string>
			<key>name</key>
			<string>TCZKitDemoTests</string>
			<key>productName</key>
			<string>TCZKitDemoTests</string>
			<key>productReference</key>
			<string>23996E041DE6CA7E009A001F</string>
			<key>productType</key>
			<string>com.apple.product-type.bundle.unit-test</string>
		</dict>
		<key>23996E041DE6CA7E009A001F</key>
		<dict>
			<key>explicitFileType</key>
			<string>wrapper.cfbundle</string>
			<key>includeInIndex</key>
			<string>0</string>
			<key>isa</key>
			<string>PBXFileReference</string>
			<key>path</key>
			<string>TCZKitDemoTests.xctest</string>
			<key>sourceTree</key>
			<string>BUILT_PRODUCTS_DIR</string>
		</dict>
		<key>23996E051DE6CA7E009A001F</key>
		<dict>
			<key>containerPortal</key>
			<string>23996DE81DE6CA7E009A001F</string>
			<key>isa</key>
			<string>PBXContainerItemProxy</string>
			<key>proxyType</key>
			<string>1</string>
			<key>remoteGlobalIDString</key>
			<string>23996DEF1DE6CA7E009A001F</string>
			<key>remoteInfo</key>
			<string>TCZKitDemo</string>
		</dict>
		<key>23996E061DE6CA7E009A001F</key>
		<dict>
			<key>isa</key>
			<string>PBXTargetDependency</string>
			<key>target</key>
			<string>23996DEF1DE6CA7E009A001F</string>
			<key>targetProxy</key>
			<string>23996E051DE6CA7E009A001F</string>
		</dict>
		<key>23996E071DE6CA7E009A001F</key>
		<dict>
			<key>children</key>
			<array>
				<string>23996E081DE6CA7E009A001F</string>
				<string>23996E0A1DE6CA7F009A001F</string>
			</array>
			<key>isa</key>
			<string>PBXGroup</string>
			<key>path</key>
			<string>TCZKitDemoTests</string>
			<key>sourceTree</key>
			<string>&lt;group&gt;</string>
		</dict>
		<key>23996E081DE6CA7E009A001F</key>
		<dict>
			<key>isa</key>
			<string>PBXFileReference</string>
			<key>lastKnownFileType</key>
			<string>sourcecode.swift</string>
			<key>path</key>
			<string>TCZKitDemoTests.swift</string>
			<key>sourceTree</key>
			<string>&lt;group&gt;</string>
		</dict>
		<key>23996E091DE6CA7E009A001F</key>
		<dict>
			<key>fileRef</key>
			<string>23996E081DE6CA7E009A001F</string>
			<key>isa</key>
			<string>PBXBuildFile</string>
		</dict>
		<key>23996E0A1DE6CA7F009A001F</key>
		<dict>
			<key>isa</key>
			<string>PBXFileReference</string>
			<key>lastKnownFileType</key>
			<string>text.plist.xml</string>
			<key>path</key>
			<string>Info.plist</string>
			<key>sourceTree</key>
			<string>&lt;group&gt;</string>
		</dict>
		<key>23996E0B1DE6CA7F009A001F</key>
		<dict>
			<key>buildActionMask</key>
			<string>2147483647</string>
			<key>files</key>
			<array>
				<string>23996E141DE6CA7F009A001F</string>
			</array>
			<key>isa</key>
			<string>PBXSourcesBuildPhase</string>
			<key>runOnlyForDeploymentPostprocessing</key>
			<string>0</string>
		</dict>
		<key>23996E0C1DE6CA7F009A001F</key>
		<dict>
			<key>buildActionMask</key>
			<string>2147483647</string>
			<key>files</key>
			<array>
				<string>75DE6D301E5E7BA1F49E418F</string>
			</array>
			<key>isa</key>
			<string>PBXFrameworksBuildPhase</string>
			<key>runOnlyForDeploymentPostprocessing</key>
			<string>0</string>
		</dict>
		<key>23996E0D1DE6CA7F009A001F</key>
		<dict>
			<key>buildActionMask</key>
			<string>2147483647</string>
			<key>files</key>
			<array/>
			<key>isa</key>
			<string>PBXResourcesBuildPhase</string>
			<key>runOnlyForDeploymentPostprocessing</key>
			<string>0</string>
		</dict>
		<key>23996E0E1DE6CA7F009A001F</key>
		<dict>
			<key>buildConfigurationList</key>
			<string>23996E1E1DE6CA7F009A001F</string>
			<key>buildPhases</key>
			<array>
				<string>A4CE2C6B3841198956E92CE4</string>
				<string>81D33EFA90FEA14E9B9B4E47</string>
				<string>23996E0B1DE6CA7F009A001F</string>
				<string>23996E0C1DE6CA7F009A001F</string>
				<string>23996E0D1DE6CA7F009A001F</string>
				<string>B5EA6A31E4E3CA08C76EF976</string>
				<string>790EDE0AD38741FDAF3EBAA8</string>
			</array>
			<key>buildRules</key>
			<array/>
			<key>dependencies</key>
			<array>
				<string>23996E111DE6CA7F009A001F</string>
			</array>
			<key>isa</key>
			<string>PBXNativeTarget</string>
			<key>name</key>
			<string>TCZKitDemoUITests</string>
			<key>productName</key>
			<string>TCZKitDemoUITests</string>
			<key>productReference</key>
			<string>23996E0F1DE6CA7F009A001F</string>
			<key>productType</key>
			<string>com.apple.product-type.bundle.ui-testing</string>
		</dict>
		<key>23996E0F1DE6CA7F009A001F</key>
		<dict>
			<key>explicitFileType</key>
			<string>wrapper.cfbundle</string>
			<key>includeInIndex</key>
			<string>0</string>
			<key>isa</key>
			<string>PBXFileReference</string>
			<key>path</key>
			<string>TCZKitDemoUITests.xctest</string>
			<key>sourceTree</key>
			<string>BUILT_PRODUCTS_DIR</string>
		</dict>
		<key>23996E101DE6CA7F009A001F</key>
		<dict>
			<key>containerPortal</key>
			<string>23996DE81DE6CA7E009A001F</string>
			<key>isa</key>
			<string>PBXContainerItemProxy</string>
			<key>proxyType</key>
			<string>1</string>
			<key>remoteGlobalIDString</key>
			<string>23996DEF1DE6CA7E009A001F</string>
			<key>remoteInfo</key>
			<string>TCZKitDemo</string>
		</dict>
		<key>23996E111DE6CA7F009A001F</key>
		<dict>
			<key>isa</key>
			<string>PBXTargetDependency</string>
			<key>target</key>
			<string>23996DEF1DE6CA7E009A001F</string>
			<key>targetProxy</key>
			<string>23996E101DE6CA7F009A001F</string>
		</dict>
		<key>23996E121DE6CA7F009A001F</key>
		<dict>
			<key>children</key>
			<array>
				<string>23996E131DE6CA7F009A001F</string>
				<string>23996E151DE6CA7F009A001F</string>
			</array>
			<key>isa</key>
			<string>PBXGroup</string>
			<key>path</key>
			<string>TCZKitDemoUITests</string>
			<key>sourceTree</key>
			<string>&lt;group&gt;</string>
		</dict>
		<key>23996E131DE6CA7F009A001F</key>
		<dict>
			<key>isa</key>
			<string>PBXFileReference</string>
			<key>lastKnownFileType</key>
			<string>sourcecode.swift</string>
			<key>path</key>
			<string>TCZKitDemoUITests.swift</string>
			<key>sourceTree</key>
			<string>&lt;group&gt;</string>
		</dict>
		<key>23996E141DE6CA7F009A001F</key>
		<dict>
			<key>fileRef</key>
			<string>23996E131DE6CA7F009A001F</string>
			<key>isa</key>
			<string>PBXBuildFile</string>
		</dict>
		<key>23996E151DE6CA7F009A001F</key>
		<dict>
			<key>isa</key>
			<string>PBXFileReference</string>
			<key>lastKnownFileType</key>
			<string>text.plist.xml</string>
			<key>path</key>
			<string>Info.plist</string>
			<key>sourceTree</key>
			<string>&lt;group&gt;</string>
		</dict>
		<key>23996E161DE6CA7F009A001F</key>
		<dict>
			<key>buildSettings</key>
			<dict>
				<key>ALWAYS_SEARCH_USER_PATHS</key>
				<string>NO</string>
				<key>CLANG_ANALYZER_NONNULL</key>
				<string>YES</string>
				<key>CLANG_CXX_LANGUAGE_STANDARD</key>
				<string>gnu++0x</string>
				<key>CLANG_CXX_LIBRARY</key>
				<string>libc++</string>
				<key>CLANG_ENABLE_MODULES</key>
				<string>YES</string>
				<key>CLANG_ENABLE_OBJC_ARC</key>
				<string>YES</string>
				<key>CLANG_WARN_BOOL_CONVERSION</key>
				<string>YES</string>
				<key>CLANG_WARN_CONSTANT_CONVERSION</key>
				<string>YES</string>
				<key>CLANG_WARN_DIRECT_OBJC_ISA_USAGE</key>
				<string>YES_ERROR</string>
				<key>CLANG_WARN_DOCUMENTATION_COMMENTS</key>
				<string>YES</string>
				<key>CLANG_WARN_EMPTY_BODY</key>
				<string>YES</string>
				<key>CLANG_WARN_ENUM_CONVERSION</key>
				<string>YES</string>
				<key>CLANG_WARN_INFINITE_RECURSION</key>
				<string>YES</string>
				<key>CLANG_WARN_INT_CONVERSION</key>
				<string>YES</string>
				<key>CLANG_WARN_OBJC_ROOT_CLASS</key>
				<string>YES_ERROR</string>
				<key>CLANG_WARN_SUSPICIOUS_MOVES</key>
				<string>YES</string>
				<key>CLANG_WARN_UNREACHABLE_CODE</key>
				<string>YES</string>
				<key>CLANG_WARN__DUPLICATE_METHOD_MATCH</key>
				<string>YES</string>
				<key>CODE_SIGN_IDENTITY[sdk=iphoneos*]</key>
				<string>iPhone Developer</string>
				<key>COPY_PHASE_STRIP</key>
				<string>NO</string>
				<key>DEBUG_INFORMATION_FORMAT</key>
				<string>dwarf</string>
				<key>ENABLE_STRICT_OBJC_MSGSEND</key>
				<string>YES</string>
				<key>ENABLE_TESTABILITY</key>
				<string>YES</string>
				<key>GCC_C_LANGUAGE_STANDARD</key>
				<string>gnu99</string>
				<key>GCC_DYNAMIC_NO_PIC</key>
				<string>NO</string>
				<key>GCC_NO_COMMON_BLOCKS</key>
				<string>YES</string>
				<key>GCC_OPTIMIZATION_LEVEL</key>
				<string>0</string>
				<key>GCC_PREPROCESSOR_DEFINITIONS</key>
				<array>
					<string>DEBUG=1</string>
					<string>$(inherited)</string>
				</array>
				<key>GCC_WARN_64_TO_32_BIT_CONVERSION</key>
				<string>YES</string>
				<key>GCC_WARN_ABOUT_RETURN_TYPE</key>
				<string>YES_ERROR</string>
				<key>GCC_WARN_UNDECLARED_SELECTOR</key>
				<string>YES</string>
				<key>GCC_WARN_UNINITIALIZED_AUTOS</key>
				<string>YES_AGGRESSIVE</string>
				<key>GCC_WARN_UNUSED_FUNCTION</key>
				<string>YES</string>
				<key>GCC_WARN_UNUSED_VARIABLE</key>
				<string>YES</string>
				<key>IPHONEOS_DEPLOYMENT_TARGET</key>
				<string>10.1</string>
				<key>MTL_ENABLE_DEBUG_INFO</key>
				<string>YES</string>
				<key>ONLY_ACTIVE_ARCH</key>
				<string>YES</string>
				<key>SDKROOT</key>
				<string>iphoneos</string>
				<key>SWIFT_ACTIVE_COMPILATION_CONDITIONS</key>
				<string>DEBUG</string>
				<key>SWIFT_OPTIMIZATION_LEVEL</key>
				<string>-Onone</string>
			</dict>
			<key>isa</key>
			<string>XCBuildConfiguration</string>
			<key>name</key>
			<string>Debug</string>
		</dict>
		<key>23996E171DE6CA7F009A001F</key>
		<dict>
			<key>buildSettings</key>
			<dict>
				<key>ALWAYS_SEARCH_USER_PATHS</key>
				<string>NO</string>
				<key>CLANG_ANALYZER_NONNULL</key>
				<string>YES</string>
				<key>CLANG_CXX_LANGUAGE_STANDARD</key>
				<string>gnu++0x</string>
				<key>CLANG_CXX_LIBRARY</key>
				<string>libc++</string>
				<key>CLANG_ENABLE_MODULES</key>
				<string>YES</string>
				<key>CLANG_ENABLE_OBJC_ARC</key>
				<string>YES</string>
				<key>CLANG_WARN_BOOL_CONVERSION</key>
				<string>YES</string>
				<key>CLANG_WARN_CONSTANT_CONVERSION</key>
				<string>YES</string>
				<key>CLANG_WARN_DIRECT_OBJC_ISA_USAGE</key>
				<string>YES_ERROR</string>
				<key>CLANG_WARN_DOCUMENTATION_COMMENTS</key>
				<string>YES</string>
				<key>CLANG_WARN_EMPTY_BODY</key>
				<string>YES</string>
				<key>CLANG_WARN_ENUM_CONVERSION</key>
				<string>YES</string>
				<key>CLANG_WARN_INFINITE_RECURSION</key>
				<string>YES</string>
				<key>CLANG_WARN_INT_CONVERSION</key>
				<string>YES</string>
				<key>CLANG_WARN_OBJC_ROOT_CLASS</key>
				<string>YES_ERROR</string>
				<key>CLANG_WARN_SUSPICIOUS_MOVES</key>
				<string>YES</string>
				<key>CLANG_WARN_UNREACHABLE_CODE</key>
				<string>YES</string>
				<key>CLANG_WARN__DUPLICATE_METHOD_MATCH</key>
				<string>YES</string>
				<key>CODE_SIGN_IDENTITY[sdk=iphoneos*]</key>
				<string>iPhone Developer</string>
				<key>COPY_PHASE_STRIP</key>
				<string>NO</string>
				<key>DEBUG_INFORMATION_FORMAT</key>
				<string>dwarf-with-dsym</string>
				<key>ENABLE_NS_ASSERTIONS</key>
				<string>NO</string>
				<key>ENABLE_STRICT_OBJC_MSGSEND</key>
				<string>YES</string>
				<key>GCC_C_LANGUAGE_STANDARD</key>
				<string>gnu99</string>
				<key>GCC_NO_COMMON_BLOCKS</key>
				<string>YES</string>
				<key>GCC_WARN_64_TO_32_BIT_CONVERSION</key>
				<string>YES</string>
				<key>GCC_WARN_ABOUT_RETURN_TYPE</key>
				<string>YES_ERROR</string>
				<key>GCC_WARN_UNDECLARED_SELECTOR</key>
				<string>YES</string>
				<key>GCC_WARN_UNINITIALIZED_AUTOS</key>
				<string>YES_AGGRESSIVE</string>
				<key>GCC_WARN_UNUSED_FUNCTION</key>
				<string>YES</string>
				<key>GCC_WARN_UNUSED_VARIABLE</key>
				<string>YES</string>
				<key>IPHONEOS_DEPLOYMENT_TARGET</key>
				<string>10.1</string>
				<key>MTL_ENABLE_DEBUG_INFO</key>
				<string>NO</string>
				<key>SDKROOT</key>
				<string>iphoneos</string>
				<key>SWIFT_OPTIMIZATION_LEVEL</key>
				<string>-Owholemodule</string>
				<key>VALIDATE_PRODUCT</key>
				<string>YES</string>
			</dict>
			<key>isa</key>
			<string>XCBuildConfiguration</string>
			<key>name</key>
			<string>Release</string>
		</dict>
		<key>23996E181DE6CA7F009A001F</key>
		<dict>
			<key>buildConfigurations</key>
			<array>
				<string>23996E191DE6CA7F009A001F</string>
				<string>23996E1A1DE6CA7F009A001F</string>
			</array>
			<key>defaultConfigurationIsVisible</key>
			<string>0</string>
			<key>defaultConfigurationName</key>
			<string>Release</string>
			<key>isa</key>
			<string>XCConfigurationList</string>
		</dict>
		<key>23996E191DE6CA7F009A001F</key>
		<dict>
			<key>baseConfigurationReference</key>
			<string>0B0B7B1E2D0CB1CC1FCB47FA</string>
			<key>buildSettings</key>
			<dict>
				<key>ASSETCATALOG_COMPILER_APPICON_NAME</key>
				<string>AppIcon</string>
				<key>DEVELOPMENT_TEAM</key>
				<string>D47CZT3KBD</string>
				<key>INFOPLIST_FILE</key>
				<string>TCZKitDemo/Info.plist</string>
				<key>IPHONEOS_DEPLOYMENT_TARGET</key>
				<string>8.0</string>
				<key>LD_RUNPATH_SEARCH_PATHS</key>
				<string>$(inherited) @executable_path/Frameworks</string>
				<key>PRODUCT_BUNDLE_IDENTIFIER</key>
				<string>wsy.TCZKitDemo</string>
				<key>PRODUCT_NAME</key>
				<string>$(TARGET_NAME)</string>
				<key>SWIFT_VERSION</key>
				<string>3.0</string>
			</dict>
			<key>isa</key>
			<string>XCBuildConfiguration</string>
			<key>name</key>
			<string>Debug</string>
		</dict>
		<key>23996E1A1DE6CA7F009A001F</key>
		<dict>
			<key>baseConfigurationReference</key>
			<string>6AAA3D4C6BE43986C5D6E6E7</string>
			<key>buildSettings</key>
			<dict>
				<key>ASSETCATALOG_COMPILER_APPICON_NAME</key>
				<string>AppIcon</string>
				<key>DEVELOPMENT_TEAM</key>
				<string>D47CZT3KBD</string>
				<key>INFOPLIST_FILE</key>
				<string>TCZKitDemo/Info.plist</string>
				<key>IPHONEOS_DEPLOYMENT_TARGET</key>
				<string>8.0</string>
				<key>LD_RUNPATH_SEARCH_PATHS</key>
				<string>$(inherited) @executable_path/Frameworks</string>
				<key>PRODUCT_BUNDLE_IDENTIFIER</key>
				<string>wsy.TCZKitDemo</string>
				<key>PRODUCT_NAME</key>
				<string>$(TARGET_NAME)</string>
				<key>SWIFT_VERSION</key>
				<string>3.0</string>
			</dict>
			<key>isa</key>
			<string>XCBuildConfiguration</string>
			<key>name</key>
			<string>Release</string>
		</dict>
		<key>23996E1B1DE6CA7F009A001F</key>
		<dict>
			<key>buildConfigurations</key>
			<array>
				<string>23996E1C1DE6CA7F009A001F</string>
				<string>23996E1D1DE6CA7F009A001F</string>
			</array>
			<key>defaultConfigurationIsVisible</key>
			<string>0</string>
			<key>defaultConfigurationName</key>
			<string>Release</string>
			<key>isa</key>
			<string>XCConfigurationList</string>
		</dict>
		<key>23996E1C1DE6CA7F009A001F</key>
		<dict>
			<key>baseConfigurationReference</key>
			<string>634EF2DB1893E3699160E72F</string>
			<key>buildSettings</key>
			<dict>
				<key>ALWAYS_EMBED_SWIFT_STANDARD_LIBRARIES</key>
				<string>YES</string>
				<key>BUNDLE_LOADER</key>
				<string>$(TEST_HOST)</string>
				<key>DEVELOPMENT_TEAM</key>
				<string>D47CZT3KBD</string>
				<key>INFOPLIST_FILE</key>
				<string>TCZKitDemoTests/Info.plist</string>
				<key>LD_RUNPATH_SEARCH_PATHS</key>
				<string>$(inherited) @executable_path/Frameworks @loader_path/Frameworks</string>
				<key>PRODUCT_BUNDLE_IDENTIFIER</key>
				<string>wsy.TCZKitDemoTests</string>
				<key>PRODUCT_NAME</key>
				<string>$(TARGET_NAME)</string>
				<key>SWIFT_VERSION</key>
				<string>3.0</string>
				<key>TEST_HOST</key>
				<string>$(BUILT_PRODUCTS_DIR)/TCZKitDemo.app/TCZKitDemo</string>
			</dict>
			<key>isa</key>
			<string>XCBuildConfiguration</string>
			<key>name</key>
			<string>Debug</string>
		</dict>
		<key>23996E1D1DE6CA7F009A001F</key>
		<dict>
			<key>baseConfigurationReference</key>
			<string>9076EDC8ACCA3C947453F964</string>
			<key>buildSettings</key>
			<dict>
				<key>ALWAYS_EMBED_SWIFT_STANDARD_LIBRARIES</key>
				<string>YES</string>
				<key>BUNDLE_LOADER</key>
				<string>$(TEST_HOST)</string>
				<key>DEVELOPMENT_TEAM</key>
				<string>D47CZT3KBD</string>
				<key>INFOPLIST_FILE</key>
				<string>TCZKitDemoTests/Info.plist</string>
				<key>LD_RUNPATH_SEARCH_PATHS</key>
				<string>$(inherited) @executable_path/Frameworks @loader_path/Frameworks</string>
				<key>PRODUCT_BUNDLE_IDENTIFIER</key>
				<string>wsy.TCZKitDemoTests</string>
				<key>PRODUCT_NAME</key>
				<string>$(TARGET_NAME)</string>
				<key>SWIFT_VERSION</key>
				<string>3.0</string>
				<key>TEST_HOST</key>
				<string>$(BUILT_PRODUCTS_DIR)/TCZKitDemo.app/TCZKitDemo</string>
			</dict>
			<key>isa</key>
			<string>XCBuildConfiguration</string>
			<key>name</key>
			<string>Release</string>
		</dict>
		<key>23996E1E1DE6CA7F009A001F</key>
		<dict>
			<key>buildConfigurations</key>
			<array>
				<string>23996E1F1DE6CA7F009A001F</string>
				<string>23996E201DE6CA7F009A001F</string>
			</array>
			<key>defaultConfigurationIsVisible</key>
			<string>0</string>
			<key>defaultConfigurationName</key>
			<string>Release</string>
			<key>isa</key>
			<string>XCConfigurationList</string>
		</dict>
		<key>23996E1F1DE6CA7F009A001F</key>
		<dict>
			<key>baseConfigurationReference</key>
			<string>256EEF3030C43BC7107FDEDD</string>
			<key>buildSettings</key>
			<dict>
				<key>ALWAYS_EMBED_SWIFT_STANDARD_LIBRARIES</key>
				<string>YES</string>
				<key>DEVELOPMENT_TEAM</key>
				<string>D47CZT3KBD</string>
				<key>INFOPLIST_FILE</key>
				<string>TCZKitDemoUITests/Info.plist</string>
				<key>LD_RUNPATH_SEARCH_PATHS</key>
				<string>$(inherited) @executable_path/Frameworks @loader_path/Frameworks</string>
				<key>PRODUCT_BUNDLE_IDENTIFIER</key>
				<string>wsy.TCZKitDemoUITests</string>
				<key>PRODUCT_NAME</key>
				<string>$(TARGET_NAME)</string>
				<key>SWIFT_VERSION</key>
				<string>3.0</string>
				<key>TEST_TARGET_NAME</key>
				<string>TCZKitDemo</string>
			</dict>
			<key>isa</key>
			<string>XCBuildConfiguration</string>
			<key>name</key>
			<string>Debug</string>
		</dict>
		<key>23996E201DE6CA7F009A001F</key>
		<dict>
			<key>baseConfigurationReference</key>
			<string>5567BABE6745D95CB1F40D72</string>
			<key>buildSettings</key>
			<dict>
				<key>ALWAYS_EMBED_SWIFT_STANDARD_LIBRARIES</key>
				<string>YES</string>
				<key>DEVELOPMENT_TEAM</key>
				<string>D47CZT3KBD</string>
				<key>INFOPLIST_FILE</key>
				<string>TCZKitDemoUITests/Info.plist</string>
				<key>LD_RUNPATH_SEARCH_PATHS</key>
				<string>$(inherited) @executable_path/Frameworks @loader_path/Frameworks</string>
				<key>PRODUCT_BUNDLE_IDENTIFIER</key>
				<string>wsy.TCZKitDemoUITests</string>
				<key>PRODUCT_NAME</key>
				<string>$(TARGET_NAME)</string>
				<key>SWIFT_VERSION</key>
				<string>3.0</string>
				<key>TEST_TARGET_NAME</key>
				<string>TCZKitDemo</string>
			</dict>
			<key>isa</key>
			<string>XCBuildConfiguration</string>
			<key>name</key>
			<string>Release</string>
		</dict>
		<key>23996E211DE6CCCB009A001F</key>
		<dict>
			<key>children</key>
			<array>
				<string>23996E221DE6CCCB009A001F</string>
				<string>23996E241DE6CCCB009A001F</string>
				<string>23996E311DE6CCCB009A001F</string>
				<string>23996E341DE6CCCB009A001F</string>
				<string>23996E381DE6CCCB009A001F</string>
			</array>
			<key>isa</key>
			<string>PBXGroup</string>
			<key>path</key>
			<string>TCZKit</string>
			<key>sourceTree</key>
			<string>&lt;group&gt;</string>
		</dict>
		<key>23996E221DE6CCCB009A001F</key>
		<dict>
			<key>children</key>
			<array>
				<string>23996E231DE6CCCB009A001F</string>
			</array>
			<key>isa</key>
			<string>PBXGroup</string>
			<key>path</key>
			<string>Configuration</string>
			<key>sourceTree</key>
			<string>&lt;group&gt;</string>
		</dict>
		<key>23996E231DE6CCCB009A001F</key>
		<dict>
			<key>fileEncoding</key>
			<string>4</string>
			<key>isa</key>
			<string>PBXFileReference</string>
			<key>lastKnownFileType</key>
			<string>sourcecode.swift</string>
			<key>path</key>
			<string>TCZUIConfiguation.swift</string>
			<key>sourceTree</key>
			<string>&lt;group&gt;</string>
		</dict>
		<key>23996E241DE6CCCB009A001F</key>
		<dict>
			<key>children</key>
			<array>
				<string>23996E251DE6CCCB009A001F</string>
				<string>23996E261DE6CCCB009A001F</string>
				<string>23996E271DE6CCCB009A001F</string>
				<string>23996E291DE6CCCB009A001F</string>
				<string>23996E2B1DE6CCCB009A001F</string>
				<string>23996E2D1DE6CCCB009A001F</string>
				<string>23996E2F1DE6CCCB009A001F</string>
				<string>23996E301DE6CCCB009A001F</string>
			</array>
			<key>isa</key>
			<string>PBXGroup</string>
			<key>path</key>
			<string>Extension</string>
			<key>sourceTree</key>
			<string>&lt;group&gt;</string>
		</dict>
		<key>23996E251DE6CCCB009A001F</key>
		<dict>
			<key>children</key>
			<array>
				<string>23D70EDE1DE81E5100A7E147</string>
			</array>
			<key>isa</key>
			<string>PBXGroup</string>
			<key>path</key>
			<string>UIButton</string>
			<key>sourceTree</key>
			<string>&lt;group&gt;</string>
		</dict>
		<key>23996E261DE6CCCB009A001F</key>
		<dict>
			<key>children</key>
			<array/>
			<key>isa</key>
			<string>PBXGroup</string>
			<key>path</key>
			<string>UICollectionView</string>
			<key>sourceTree</key>
			<string>&lt;group&gt;</string>
		</dict>
		<key>23996E271DE6CCCB009A001F</key>
		<dict>
			<key>children</key>
			<array>
				<string>23996E281DE6CCCB009A001F</string>
			</array>
			<key>isa</key>
			<string>PBXGroup</string>
			<key>path</key>
			<string>UIFont</string>
			<key>sourceTree</key>
			<string>&lt;group&gt;</string>
		</dict>
		<key>23996E281DE6CCCB009A001F</key>
		<dict>
			<key>fileEncoding</key>
			<string>4</string>
			<key>isa</key>
			<string>PBXFileReference</string>
			<key>lastKnownFileType</key>
			<string>sourcecode.swift</string>
			<key>path</key>
			<string>UIFont+TCZ.swift</string>
			<key>sourceTree</key>
			<string>&lt;group&gt;</string>
		</dict>
		<key>23996E291DE6CCCB009A001F</key>
		<dict>
			<key>children</key>
			<array>
				<string>23996E2A1DE6CCCB009A001F</string>
			</array>
			<key>isa</key>
			<string>PBXGroup</string>
			<key>path</key>
			<string>UIImageView</string>
			<key>sourceTree</key>
			<string>&lt;group&gt;</string>
		</dict>
		<key>23996E2A1DE6CCCB009A001F</key>
		<dict>
			<key>fileEncoding</key>
			<string>4</string>
			<key>isa</key>
			<string>PBXFileReference</string>
			<key>lastKnownFileType</key>
			<string>sourcecode.swift</string>
			<key>path</key>
			<string>UIImageView+TCZ.swift</string>
			<key>sourceTree</key>
			<string>&lt;group&gt;</string>
		</dict>
		<key>23996E2B1DE6CCCB009A001F</key>
		<dict>
			<key>children</key>
			<array>
				<string>23996E2C1DE6CCCB009A001F</string>
			</array>
			<key>isa</key>
			<string>PBXGroup</string>
			<key>path</key>
			<string>UILabel</string>
			<key>sourceTree</key>
			<string>&lt;group&gt;</string>
		</dict>
		<key>23996E2C1DE6CCCB009A001F</key>
		<dict>
			<key>fileEncoding</key>
			<string>4</string>
			<key>isa</key>
			<string>PBXFileReference</string>
			<key>lastKnownFileType</key>
			<string>sourcecode.swift</string>
			<key>path</key>
			<string>UILabel+TCZ.swift</string>
			<key>sourceTree</key>
			<string>&lt;group&gt;</string>
		</dict>
		<key>23996E2D1DE6CCCB009A001F</key>
		<dict>
			<key>children</key>
			<array>
				<string>23996E2E1DE6CCCB009A001F</string>
			</array>
			<key>isa</key>
			<string>PBXGroup</string>
			<key>path</key>
			<string>UITableView</string>
			<key>sourceTree</key>
			<string>&lt;group&gt;</string>
		</dict>
		<key>23996E2E1DE6CCCB009A001F</key>
		<dict>
			<key>fileEncoding</key>
			<string>4</string>
			<key>isa</key>
			<string>PBXFileReference</string>
			<key>lastKnownFileType</key>
			<string>sourcecode.swift</string>
			<key>path</key>
			<string>UITableView+TCZ.swift</string>
			<key>sourceTree</key>
			<string>&lt;group&gt;</string>
		</dict>
		<key>23996E2F1DE6CCCB009A001F</key>
		<dict>
			<key>children</key>
			<array/>
			<key>isa</key>
			<string>PBXGroup</string>
			<key>path</key>
			<string>UITextField</string>
			<key>sourceTree</key>
			<string>&lt;group&gt;</string>
		</dict>
		<key>23996E301DE6CCCB009A001F</key>
		<dict>
			<key>children</key>
			<array/>
			<key>isa</key>
			<string>PBXGroup</string>
			<key>path</key>
			<string>UITextView</string>
			<key>sourceTree</key>
			<string>&lt;group&gt;</string>
		</dict>
		<key>23996E311DE6CCCB009A001F</key>
		<dict>
			<key>children</key>
			<array>
				<string>23D70EDB1DE81BE900A7E147</string>
				<string>23996E321DE6CCCB009A001F</string>
			</array>
			<key>isa</key>
			<string>PBXGroup</string>
			<key>path</key>
			<string>Utils</string>
			<key>sourceTree</key>
			<string>&lt;group&gt;</string>
		</dict>
		<key>23996E321DE6CCCB009A001F</key>
		<dict>
			<key>children</key>
			<array>
				<string>23996E331DE6CCCB009A001F</string>
			</array>
			<key>isa</key>
			<string>PBXGroup</string>
			<key>path</key>
			<string>TCZStackView</string>
			<key>sourceTree</key>
			<string>&lt;group&gt;</string>
		</dict>
		<key>23996E331DE6CCCB009A001F</key>
		<dict>
			<key>fileEncoding</key>
			<string>4</string>
			<key>isa</key>
			<string>PBXFileReference</string>
			<key>lastKnownFileType</key>
			<string>sourcecode.swift</string>
			<key>path</key>
			<string>TCZStackView.swift</string>
			<key>sourceTree</key>
			<string>&lt;group&gt;</string>
		</dict>
		<key>23996E341DE6CCCB009A001F</key>
		<dict>
			<key>children</key>
			<array>
				<string>23996E351DE6CCCB009A001F</string>
				<string>23996E361DE6CCCB009A001F</string>
				<string>23996E371DE6CCCB009A001F</string>
			</array>
			<key>isa</key>
			<string>PBXGroup</string>
			<key>path</key>
			<string>ViewControllers</string>
			<key>sourceTree</key>
			<string>&lt;group&gt;</string>
		</dict>
		<key>23996E351DE6CCCB009A001F</key>
		<dict>
			<key>fileEncoding</key>
			<string>4</string>
			<key>isa</key>
			<string>PBXFileReference</string>
			<key>lastKnownFileType</key>
			<string>sourcecode.swift</string>
			<key>path</key>
			<string>TCZBaseTableViewController.swift</string>
			<key>sourceTree</key>
			<string>&lt;group&gt;</string>
		</dict>
		<key>23996E361DE6CCCB009A001F</key>
		<dict>
			<key>fileEncoding</key>
			<string>4</string>
			<key>isa</key>
			<string>PBXFileReference</string>
			<key>lastKnownFileType</key>
			<string>sourcecode.swift</string>
			<key>path</key>
			<string>TCZTableViewData.swift</string>
			<key>sourceTree</key>
			<string>&lt;group&gt;</string>
		</dict>
		<key>23996E371DE6CCCB009A001F</key>
		<dict>
			<key>fileEncoding</key>
			<string>4</string>
			<key>isa</key>
			<string>PBXFileReference</string>
			<key>lastKnownFileType</key>
			<string>sourcecode.swift</string>
			<key>path</key>
			<string>TCZTableViewDelegate.swift</string>
			<key>sourceTree</key>
			<string>&lt;group&gt;</string>
		</dict>
		<key>23996E381DE6CCCB009A001F</key>
		<dict>
			<key>children</key>
			<array>
				<string>2391626A1DEAF46D000A541C</string>
				<string>23996E391DE6CCCB009A001F</string>
			</array>
			<key>isa</key>
			<string>PBXGroup</string>
			<key>path</key>
			<string>Views</string>
			<key>sourceTree</key>
			<string>&lt;group&gt;</string>
		</dict>
		<key>23996E391DE6CCCB009A001F</key>
		<dict>
			<key>children</key>
			<array>
				<string>23996E3A1DE6CCCB009A001F</string>
				<string>23996E3B1DE6CCCB009A001F</string>
				<string>23996E3C1DE6CCCB009A001F</string>
			</array>
			<key>isa</key>
			<string>PBXGroup</string>
			<key>path</key>
			<string>Cells</string>
			<key>sourceTree</key>
			<string>&lt;group&gt;</string>
		</dict>
		<key>23996E3A1DE6CCCB009A001F</key>
		<dict>
			<key>fileEncoding</key>
			<string>4</string>
			<key>isa</key>
			<string>PBXFileReference</string>
			<key>lastKnownFileType</key>
			<string>sourcecode.swift</string>
			<key>path</key>
			<string>TCZBaseCell.swift</string>
			<key>sourceTree</key>
			<string>&lt;group&gt;</string>
		</dict>
		<key>23996E3B1DE6CCCB009A001F</key>
		<dict>
			<key>fileEncoding</key>
			<string>4</string>
			<key>isa</key>
			<string>PBXFileReference</string>
			<key>lastKnownFileType</key>
			<string>sourcecode.swift</string>
			<key>path</key>
			<string>TCZImageTitleCell.swift</string>
			<key>sourceTree</key>
			<string>&lt;group&gt;</string>
		</dict>
		<key>23996E3C1DE6CCCB009A001F</key>
		<dict>
			<key>fileEncoding</key>
			<string>4</string>
			<key>isa</key>
			<string>PBXFileReference</string>
			<key>lastKnownFileType</key>
			<string>sourcecode.swift</string>
			<key>path</key>
			<string>TCZLeftTitleCell.swift</string>
			<key>sourceTree</key>
			<string>&lt;group&gt;</string>
		</dict>
		<key>23996E3D1DE6CCCB009A001F</key>
		<dict>
			<key>fileRef</key>
			<string>23996E231DE6CCCB009A001F</string>
			<key>isa</key>
			<string>PBXBuildFile</string>
		</dict>
		<key>23996E3E1DE6CCCB009A001F</key>
		<dict>
			<key>fileRef</key>
			<string>23996E281DE6CCCB009A001F</string>
			<key>isa</key>
			<string>PBXBuildFile</string>
		</dict>
		<key>23996E3F1DE6CCCB009A001F</key>
		<dict>
			<key>fileRef</key>
			<string>23996E2A1DE6CCCB009A001F</string>
			<key>isa</key>
			<string>PBXBuildFile</string>
		</dict>
		<key>23996E401DE6CCCB009A001F</key>
		<dict>
			<key>fileRef</key>
			<string>23996E2C1DE6CCCB009A001F</string>
			<key>isa</key>
			<string>PBXBuildFile</string>
		</dict>
		<key>23996E411DE6CCCB009A001F</key>
		<dict>
			<key>fileRef</key>
			<string>23996E2E1DE6CCCB009A001F</string>
			<key>isa</key>
			<string>PBXBuildFile</string>
		</dict>
		<key>23996E421DE6CCCB009A001F</key>
		<dict>
			<key>fileRef</key>
			<string>23996E331DE6CCCB009A001F</string>
			<key>isa</key>
			<string>PBXBuildFile</string>
		</dict>
		<key>23996E431DE6CCCB009A001F</key>
		<dict>
			<key>fileRef</key>
			<string>23996E351DE6CCCB009A001F</string>
			<key>isa</key>
			<string>PBXBuildFile</string>
		</dict>
		<key>23996E441DE6CCCB009A001F</key>
		<dict>
			<key>fileRef</key>
			<string>23996E361DE6CCCB009A001F</string>
			<key>isa</key>
			<string>PBXBuildFile</string>
		</dict>
		<key>23996E451DE6CCCB009A001F</key>
		<dict>
			<key>fileRef</key>
			<string>23996E371DE6CCCB009A001F</string>
			<key>isa</key>
			<string>PBXBuildFile</string>
		</dict>
		<key>23996E461DE6CCCB009A001F</key>
		<dict>
			<key>fileRef</key>
			<string>23996E3A1DE6CCCB009A001F</string>
			<key>isa</key>
			<string>PBXBuildFile</string>
		</dict>
		<key>23996E471DE6CCCB009A001F</key>
		<dict>
			<key>fileRef</key>
			<string>23996E3B1DE6CCCB009A001F</string>
			<key>isa</key>
			<string>PBXBuildFile</string>
		</dict>
		<key>23996E481DE6CCCB009A001F</key>
		<dict>
			<key>fileRef</key>
			<string>23996E3C1DE6CCCB009A001F</string>
			<key>isa</key>
			<string>PBXBuildFile</string>
		</dict>
		<key>23996E491DE6CCF8009A001F</key>
		<dict>
			<key>fileEncoding</key>
			<string>4</string>
			<key>isa</key>
			<string>PBXFileReference</string>
			<key>lastKnownFileType</key>
			<string>net.daringfireball.markdown</string>
			<key>path</key>
			<string>README.md</string>
			<key>sourceTree</key>
			<string>&lt;group&gt;</string>
		</dict>
		<key>23996E4A1DE6CCF8009A001F</key>
		<dict>
			<key>fileRef</key>
			<string>23996E491DE6CCF8009A001F</string>
			<key>isa</key>
			<string>PBXBuildFile</string>
		</dict>
		<key>23996E4B1DE6CD5A009A001F</key>
		<dict>
			<key>fileEncoding</key>
			<string>4</string>
			<key>isa</key>
			<string>PBXFileReference</string>
			<key>lastKnownFileType</key>
			<string>sourcecode.swift</string>
			<key>path</key>
			<string>TCZFirstViewController.swift</string>
			<key>sourceTree</key>
			<string>&lt;group&gt;</string>
		</dict>
		<key>23996E4C1DE6CD5A009A001F</key>
		<dict>
			<key>fileRef</key>
			<string>23996E4B1DE6CD5A009A001F</string>
			<key>isa</key>
			<string>PBXBuildFile</string>
		</dict>
		<key>23D70EDB1DE81BE900A7E147</key>
		<dict>
			<key>children</key>
			<array>
				<string>23D70EDC1DE81C0E00A7E147</string>
			</array>
			<key>isa</key>
			<string>PBXGroup</string>
			<key>path</key>
			<string>TCZActionView</string>
			<key>sourceTree</key>
			<string>&lt;group&gt;</string>
		</dict>
		<key>23D70EDC1DE81C0E00A7E147</key>
		<dict>
			<key>fileEncoding</key>
			<string>4</string>
			<key>isa</key>
			<string>PBXFileReference</string>
			<key>lastKnownFileType</key>
			<string>sourcecode.swift</string>
			<key>path</key>
			<string>TCZActionView.swift</string>
			<key>sourceTree</key>
			<string>&lt;group&gt;</string>
		</dict>
		<key>23D70EDD1DE81C0E00A7E147</key>
		<dict>
			<key>fileRef</key>
			<string>23D70EDC1DE81C0E00A7E147</string>
			<key>isa</key>
			<string>PBXBuildFile</string>
		</dict>
		<key>23D70EDE1DE81E5100A7E147</key>
		<dict>
			<key>fileEncoding</key>
			<string>4</string>
			<key>isa</key>
			<string>PBXFileReference</string>
			<key>lastKnownFileType</key>
			<string>sourcecode.swift</string>
			<key>path</key>
			<string>UIButton+TCZ.swift</string>
			<key>sourceTree</key>
			<string>&lt;group&gt;</string>
		</dict>
		<key>23D70EDF1DE81E5100A7E147</key>
		<dict>
			<key>fileRef</key>
			<string>23D70EDE1DE81E5100A7E147</string>
			<key>isa</key>
			<string>PBXBuildFile</string>
		</dict>
		<key>256EEF3030C43BC7107FDEDD</key>
		<dict>
			<key>includeInIndex</key>
			<string>1</string>
			<key>isa</key>
			<string>PBXFileReference</string>
			<key>lastKnownFileType</key>
			<string>text.xcconfig</string>
			<key>name</key>
			<string>Pods-TCZKitDemoUITests.debug.xcconfig</string>
			<key>path</key>
			<string>Pods/Target Support Files/Pods-TCZKitDemoUITests/Pods-TCZKitDemoUITests.debug.xcconfig</string>
			<key>sourceTree</key>
			<string>&lt;group&gt;</string>
		</dict>
		<key>28B8396C3412F2877F84DE1D</key>
		<dict>
			<key>buildActionMask</key>
			<string>2147483647</string>
			<key>files</key>
			<array/>
			<key>inputPaths</key>
			<array/>
			<key>isa</key>
			<string>PBXShellScriptBuildPhase</string>
			<key>name</key>
			<string>[CP] Embed Pods Frameworks</string>
			<key>outputPaths</key>
			<array/>
			<key>runOnlyForDeploymentPostprocessing</key>
			<string>0</string>
			<key>shellPath</key>
			<string>/bin/sh</string>
			<key>shellScript</key>
			<string>"${SRCROOT}/Pods/Target Support Files/Pods-TCZKitDemoTests/Pods-TCZKitDemoTests-frameworks.sh"
</string>
			<key>showEnvVarsInLog</key>
			<string>0</string>
		</dict>
		<key>3485A2652C6A9113871A3F9F</key>
		<dict>
			<key>buildActionMask</key>
			<string>2147483647</string>
			<key>files</key>
			<array/>
			<key>inputPaths</key>
			<array/>
			<key>isa</key>
			<string>PBXShellScriptBuildPhase</string>
			<key>name</key>
			<string>[CP] Check Pods Manifest.lock</string>
			<key>outputPaths</key>
			<array/>
			<key>runOnlyForDeploymentPostprocessing</key>
			<string>0</string>
			<key>shellPath</key>
			<string>/bin/sh</string>
			<key>shellScript</key>
			<string>diff "${PODS_ROOT}/../Podfile.lock" "${PODS_ROOT}/Manifest.lock" &gt; /dev/null
if [[ $? != 0 ]] ; then
    cat &lt;&lt; EOM
error: The sandbox is not in sync with the Podfile.lock. Run 'pod install' or update your CocoaPods installation.
EOM
    exit 1
fi
</string>
			<key>showEnvVarsInLog</key>
			<string>0</string>
		</dict>
		<key>34947C8283226D705795AAE5</key>
		<dict>
			<key>buildActionMask</key>
			<string>2147483647</string>
			<key>files</key>
			<array/>
			<key>inputPaths</key>
			<array/>
			<key>isa</key>
			<string>PBXShellScriptBuildPhase</string>
			<key>name</key>
			<string>&#128230; Check Pods Manifest.lock</string>
			<key>outputPaths</key>
			<array/>
			<key>runOnlyForDeploymentPostprocessing</key>
			<string>0</string>
			<key>shellPath</key>
			<string>/bin/sh</string>
			<key>shellScript</key>
			<string>diff "${PODS_ROOT}/../Podfile.lock" "${PODS_ROOT}/Manifest.lock" &gt; /dev/null
if [[ $? != 0 ]] ; then
    cat &lt;&lt; EOM
error: The sandbox is not in sync with the Podfile.lock. Run 'pod install' or update your CocoaPods installation.
EOM
    exit 1
fi
</string>
			<key>showEnvVarsInLog</key>
			<string>0</string>
		</dict>
		<key>4B6337793DF78FA44BC73FF4</key>
		<dict>
			<key>buildActionMask</key>
			<string>2147483647</string>
			<key>files</key>
			<array/>
			<key>inputPaths</key>
			<array/>
			<key>isa</key>
			<string>PBXShellScriptBuildPhase</string>
			<key>name</key>
			<string>[CP] Embed Pods Frameworks</string>
			<key>outputPaths</key>
			<array/>
			<key>runOnlyForDeploymentPostprocessing</key>
			<string>0</string>
			<key>shellPath</key>
			<string>/bin/sh</string>
			<key>shellScript</key>
			<string>"${SRCROOT}/Pods/Target Support Files/Pods-TCZKitDemo/Pods-TCZKitDemo-frameworks.sh"
</string>
			<key>showEnvVarsInLog</key>
			<string>0</string>
		</dict>
		<key>4DBA1959D79EA681B3FF7747</key>
		<dict>
			<key>children</key>
			<array>
				<string>0C53290616CB76605B762381</string>
				<string>71E7FEE2AA6DFAB725F4253A</string>
				<string>D46FE6F38301C2BC112ADA68</string>
			</array>
			<key>isa</key>
			<string>PBXGroup</string>
			<key>name</key>
			<string>Frameworks</string>
			<key>sourceTree</key>
			<string>&lt;group&gt;</string>
		</dict>
		<key>4EE8A539F76BA26D7A5B29B7</key>
		<dict>
			<key>buildActionMask</key>
			<string>2147483647</string>
			<key>files</key>
			<array/>
			<key>inputPaths</key>
			<array/>
			<key>isa</key>
			<string>PBXShellScriptBuildPhase</string>
			<key>name</key>
			<string>&#128230; Check Pods Manifest.lock</string>
			<key>outputPaths</key>
			<array/>
			<key>runOnlyForDeploymentPostprocessing</key>
			<string>0</string>
			<key>shellPath</key>
			<string>/bin/sh</string>
			<key>shellScript</key>
			<string>diff "${PODS_ROOT}/../Podfile.lock" "${PODS_ROOT}/Manifest.lock" &gt; /dev/null
if [[ $? != 0 ]] ; then
    cat &lt;&lt; EOM
error: The sandbox is not in sync with the Podfile.lock. Run 'pod install' or update your CocoaPods installation.
EOM
    exit 1
fi
</string>
			<key>showEnvVarsInLog</key>
			<string>0</string>
		</dict>
		<key>5567BABE6745D95CB1F40D72</key>
		<dict>
			<key>includeInIndex</key>
			<string>1</string>
			<key>isa</key>
			<string>PBXFileReference</string>
			<key>lastKnownFileType</key>
			<string>text.xcconfig</string>
			<key>name</key>
			<string>Pods-TCZKitDemoUITests.release.xcconfig</string>
			<key>path</key>
			<string>Pods/Target Support Files/Pods-TCZKitDemoUITests/Pods-TCZKitDemoUITests.release.xcconfig</string>
			<key>sourceTree</key>
			<string>&lt;group&gt;</string>
		</dict>
		<key>572A05EF706D4F5F4543811A</key>
		<dict>
			<key>buildActionMask</key>
			<string>2147483647</string>
			<key>files</key>
			<array/>
			<key>inputPaths</key>
			<array/>
			<key>isa</key>
			<string>PBXShellScriptBuildPhase</string>
			<key>name</key>
			<string>&#128230; Copy Pods Resources</string>
			<key>outputPaths</key>
			<array/>
			<key>runOnlyForDeploymentPostprocessing</key>
			<string>0</string>
			<key>shellPath</key>
			<string>/bin/sh</string>
			<key>shellScript</key>
			<string>"${SRCROOT}/Pods/Target Support Files/Pods-TCZKitDemo/Pods-TCZKitDemo-resources.sh"
</string>
			<key>showEnvVarsInLog</key>
			<string>0</string>
		</dict>
		<key>5B318E38418F30CCFD77EE2D</key>
		<dict>
			<key>buildActionMask</key>
			<string>2147483647</string>
			<key>files</key>
			<array/>
			<key>inputPaths</key>
			<array/>
			<key>isa</key>
			<string>PBXShellScriptBuildPhase</string>
			<key>name</key>
			<string>[CP] Copy Pods Resources</string>
			<key>outputPaths</key>
			<array/>
			<key>runOnlyForDeploymentPostprocessing</key>
			<string>0</string>
			<key>shellPath</key>
			<string>/bin/sh</string>
			<key>shellScript</key>
			<string>"${SRCROOT}/Pods/Target Support Files/Pods-TCZKitDemo/Pods-TCZKitDemo-resources.sh"
</string>
			<key>showEnvVarsInLog</key>
			<string>0</string>
		</dict>
		<key>634EF2DB1893E3699160E72F</key>
		<dict>
			<key>includeInIndex</key>
			<string>1</string>
			<key>isa</key>
			<string>PBXFileReference</string>
			<key>lastKnownFileType</key>
			<string>text.xcconfig</string>
			<key>name</key>
			<string>Pods-TCZKitDemoTests.debug.xcconfig</string>
			<key>path</key>
			<string>Pods/Target Support Files/Pods-TCZKitDemoTests/Pods-TCZKitDemoTests.debug.xcconfig</string>
			<key>sourceTree</key>
			<string>&lt;group&gt;</string>
		</dict>
		<key>6AAA3D4C6BE43986C5D6E6E7</key>
		<dict>
			<key>includeInIndex</key>
			<string>1</string>
			<key>isa</key>
			<string>PBXFileReference</string>
			<key>lastKnownFileType</key>
			<string>text.xcconfig</string>
			<key>name</key>
			<string>Pods-TCZKitDemo.release.xcconfig</string>
			<key>path</key>
			<string>Pods/Target Support Files/Pods-TCZKitDemo/Pods-TCZKitDemo.release.xcconfig</string>
			<key>sourceTree</key>
			<string>&lt;group&gt;</string>
		</dict>
		<key>6C6CDE25BF45D88384D9A110</key>
		<dict>
			<key>buildActionMask</key>
			<string>2147483647</string>
			<key>files</key>
			<array/>
			<key>inputPaths</key>
			<array/>
			<key>isa</key>
			<string>PBXShellScriptBuildPhase</string>
			<key>name</key>
			<string>&#128230; Embed Pods Frameworks</string>
			<key>outputPaths</key>
			<array/>
			<key>runOnlyForDeploymentPostprocessing</key>
			<string>0</string>
			<key>shellPath</key>
			<string>/bin/sh</string>
			<key>shellScript</key>
			<string>"${SRCROOT}/Pods/Target Support Files/Pods-TCZKitDemoTests/Pods-TCZKitDemoTests-frameworks.sh"
</string>
			<key>showEnvVarsInLog</key>
			<string>0</string>
		</dict>
		<key>6FC67A7D2B513D2D3A0C7EF4</key>
		<dict>
			<key>buildActionMask</key>
			<string>2147483647</string>
			<key>files</key>
			<array/>
			<key>inputPaths</key>
			<array/>
			<key>isa</key>
			<string>PBXShellScriptBuildPhase</string>
			<key>name</key>
			<string>&#128230; Copy Pods Resources</string>
			<key>outputPaths</key>
			<array/>
			<key>runOnlyForDeploymentPostprocessing</key>
			<string>0</string>
			<key>shellPath</key>
			<string>/bin/sh</string>
			<key>shellScript</key>
			<string>"${SRCROOT}/Pods/Target Support Files/Pods-TCZKitDemoTests/Pods-TCZKitDemoTests-resources.sh"
</string>
			<key>showEnvVarsInLog</key>
			<string>0</string>
		</dict>
		<key>7094B403A65093572C567DFE</key>
		<dict>
			<key>fileRef</key>
			<string>0C53290616CB76605B762381</string>
			<key>isa</key>
			<string>PBXBuildFile</string>
		</dict>
		<key>71E7FEE2AA6DFAB725F4253A</key>
		<dict>
			<key>explicitFileType</key>
			<string>wrapper.framework</string>
			<key>includeInIndex</key>
			<string>0</string>
			<key>isa</key>
			<string>PBXFileReference</string>
			<key>path</key>
			<string>Pods_TCZKitDemoTests.framework</string>
			<key>sourceTree</key>
			<string>BUILT_PRODUCTS_DIR</string>
		</dict>
		<key>75DE6D301E5E7BA1F49E418F</key>
		<dict>
			<key>fileRef</key>
			<string>D46FE6F38301C2BC112ADA68</string>
			<key>isa</key>
			<string>PBXBuildFile</string>
		</dict>
		<key>790EDE0AD38741FDAF3EBAA8</key>
		<dict>
			<key>buildActionMask</key>
			<string>2147483647</string>
			<key>files</key>
			<array/>
			<key>inputPaths</key>
			<array/>
			<key>isa</key>
			<string>PBXShellScriptBuildPhase</string>
			<key>name</key>
			<string>&#128230; Copy Pods Resources</string>
			<key>outputPaths</key>
			<array/>
			<key>runOnlyForDeploymentPostprocessing</key>
			<string>0</string>
			<key>shellPath</key>
			<string>/bin/sh</string>
			<key>shellScript</key>
			<string>"${SRCROOT}/Pods/Target Support Files/Pods-TCZKitDemoUITests/Pods-TCZKitDemoUITests-resources.sh"
</string>
			<key>showEnvVarsInLog</key>
			<string>0</string>
		</dict>
		<key>81D33EFA90FEA14E9B9B4E47</key>
		<dict>
			<key>buildActionMask</key>
			<string>2147483647</string>
			<key>files</key>
			<array/>
			<key>inputPaths</key>
			<array/>
			<key>isa</key>
			<string>PBXShellScriptBuildPhase</string>
			<key>name</key>
			<string>[CP] Check Pods Manifest.lock</string>
			<key>outputPaths</key>
			<array/>
			<key>runOnlyForDeploymentPostprocessing</key>
			<string>0</string>
			<key>shellPath</key>
			<string>/bin/sh</string>
			<key>shellScript</key>
			<string>diff "${PODS_ROOT}/../Podfile.lock" "${PODS_ROOT}/Manifest.lock" &gt; /dev/null
if [[ $? != 0 ]] ; then
    cat &lt;&lt; EOM
error: The sandbox is not in sync with the Podfile.lock. Run 'pod install' or update your CocoaPods installation.
EOM
    exit 1
fi
</string>
			<key>showEnvVarsInLog</key>
			<string>0</string>
		</dict>
		<key>9076EDC8ACCA3C947453F964</key>
		<dict>
			<key>includeInIndex</key>
			<string>1</string>
			<key>isa</key>
			<string>PBXFileReference</string>
			<key>lastKnownFileType</key>
			<string>text.xcconfig</string>
			<key>name</key>
			<string>Pods-TCZKitDemoTests.release.xcconfig</string>
			<key>path</key>
			<string>Pods/Target Support Files/Pods-TCZKitDemoTests/Pods-TCZKitDemoTests.release.xcconfig</string>
			<key>sourceTree</key>
			<string>&lt;group&gt;</string>
		</dict>
		<key>95E8FBA72A384FFB1ED2D690</key>
		<dict>
			<key>fileRef</key>
			<string>71E7FEE2AA6DFAB725F4253A</string>
			<key>isa</key>
			<string>PBXBuildFile</string>
		</dict>
		<key>A4CE2C6B3841198956E92CE4</key>
		<dict>
			<key>buildActionMask</key>
			<string>2147483647</string>
			<key>files</key>
			<array/>
			<key>inputPaths</key>
			<array/>
			<key>isa</key>
			<string>PBXShellScriptBuildPhase</string>
			<key>name</key>
			<string>&#128230; Check Pods Manifest.lock</string>
			<key>outputPaths</key>
			<array/>
			<key>runOnlyForDeploymentPostprocessing</key>
			<string>0</string>
			<key>shellPath</key>
			<string>/bin/sh</string>
			<key>shellScript</key>
			<string>diff "${PODS_ROOT}/../Podfile.lock" "${PODS_ROOT}/Manifest.lock" &gt; /dev/null
if [[ $? != 0 ]] ; then
    cat &lt;&lt; EOM
error: The sandbox is not in sync with the Podfile.lock. Run 'pod install' or update your CocoaPods installation.
EOM
    exit 1
fi
</string>
			<key>showEnvVarsInLog</key>
			<string>0</string>
		</dict>
		<key>A980163175DCE831EBD88C8F</key>
		<dict>
			<key>buildActionMask</key>
			<string>2147483647</string>
			<key>files</key>
			<array/>
			<key>inputPaths</key>
			<array/>
			<key>isa</key>
			<string>PBXShellScriptBuildPhase</string>
			<key>name</key>
			<string>&#128230; Embed Pods Frameworks</string>
			<key>outputPaths</key>
			<array/>
			<key>runOnlyForDeploymentPostprocessing</key>
			<string>0</string>
			<key>shellPath</key>
			<string>/bin/sh</string>
			<key>shellScript</key>
			<string>"${SRCROOT}/Pods/Target Support Files/Pods-TCZKitDemo/Pods-TCZKitDemo-frameworks.sh"
</string>
			<key>showEnvVarsInLog</key>
			<string>0</string>
		</dict>
		<key>B5EA6A31E4E3CA08C76EF976</key>
		<dict>
			<key>buildActionMask</key>
			<string>2147483647</string>
			<key>files</key>
			<array/>
			<key>inputPaths</key>
			<array/>
			<key>isa</key>
			<string>PBXShellScriptBuildPhase</string>
			<key>name</key>
			<string>[CP] Copy Pods Resources</string>
			<key>outputPaths</key>
			<array/>
			<key>runOnlyForDeploymentPostprocessing</key>
			<string>0</string>
			<key>shellPath</key>
			<string>/bin/sh</string>
			<key>shellScript</key>
			<string>"${SRCROOT}/Pods/Target Support Files/Pods-TCZKitDemoUITests/Pods-TCZKitDemoUITests-resources.sh"
</string>
			<key>showEnvVarsInLog</key>
			<string>0</string>
		</dict>
		<key>C66C3356E7552CD64449B89E</key>
		<dict>
			<key>buildActionMask</key>
			<string>2147483647</string>
			<key>files</key>
			<array/>
			<key>inputPaths</key>
			<array/>
			<key>isa</key>
			<string>PBXShellScriptBuildPhase</string>
			<key>name</key>
			<string>[CP] Check Pods Manifest.lock</string>
			<key>outputPaths</key>
			<array/>
			<key>runOnlyForDeploymentPostprocessing</key>
			<string>0</string>
			<key>shellPath</key>
			<string>/bin/sh</string>
			<key>shellScript</key>
			<string>diff "${PODS_ROOT}/../Podfile.lock" "${PODS_ROOT}/Manifest.lock" &gt; /dev/null
if [[ $? != 0 ]] ; then
    cat &lt;&lt; EOM
error: The sandbox is not in sync with the Podfile.lock. Run 'pod install' or update your CocoaPods installation.
EOM
    exit 1
fi
</string>
			<key>showEnvVarsInLog</key>
			<string>0</string>
		</dict>
		<key>D0D39DABA311022BD8C91EF9</key>
		<dict>
			<key>buildActionMask</key>
			<string>2147483647</string>
			<key>files</key>
			<array/>
			<key>inputPaths</key>
			<array/>
			<key>isa</key>
			<string>PBXShellScriptBuildPhase</string>
			<key>name</key>
			<string>[CP] Copy Pods Resources</string>
			<key>outputPaths</key>
			<array/>
			<key>runOnlyForDeploymentPostprocessing</key>
			<string>0</string>
			<key>shellPath</key>
			<string>/bin/sh</string>
			<key>shellScript</key>
			<string>"${SRCROOT}/Pods/Target Support Files/Pods-TCZKitDemoTests/Pods-TCZKitDemoTests-resources.sh"
</string>
			<key>showEnvVarsInLog</key>
			<string>0</string>
		</dict>
		<key>D46FE6F38301C2BC112ADA68</key>
		<dict>
			<key>explicitFileType</key>
			<string>wrapper.framework</string>
			<key>includeInIndex</key>
			<string>0</string>
			<key>isa</key>
			<string>PBXFileReference</string>
			<key>path</key>
			<string>Pods_TCZKitDemoUITests.framework</string>
			<key>sourceTree</key>
			<string>BUILT_PRODUCTS_DIR</string>
		</dict>
		<key>DFEB3D85BEE36543A3EE4AE3</key>
		<dict>
			<key>children</key>
			<array>
				<string>0B0B7B1E2D0CB1CC1FCB47FA</string>
				<string>6AAA3D4C6BE43986C5D6E6E7</string>
				<string>634EF2DB1893E3699160E72F</string>
				<string>9076EDC8ACCA3C947453F964</string>
				<string>256EEF3030C43BC7107FDEDD</string>
				<string>5567BABE6745D95CB1F40D72</string>
			</array>
			<key>isa</key>
			<string>PBXGroup</string>
			<key>name</key>
			<string>Pods</string>
			<key>sourceTree</key>
			<string>&lt;group&gt;</string>
		</dict>
	</dict>
	<key>rootObject</key>
	<string>23996DE81DE6CA7E009A001F</string>
</dict>
</plist>
